// !$*UTF8*$!
{
	archiveVersion = 1;
	classes = {
	};
	objectVersion = 48;
	objects = {

/* Begin PBXBuildFile section */
		AD4B83EE2027C04900D116BA /* h3_swift.h in Headers */ = {isa = PBXBuildFile; fileRef = AD4B83EC2027C04900D116BA /* h3_swift.h */; settings = {ATTRIBUTES = (Public, ); }; };
		ADA089CB23F722DD009C362E /* bbox.h in Headers */ = {isa = PBXBuildFile; fileRef = ADA0896423F722DD009C362E /* bbox.h */; };
		ADA089CC23F722DD009C362E /* polygonAlgos.h in Headers */ = {isa = PBXBuildFile; fileRef = ADA0896523F722DD009C362E /* polygonAlgos.h */; };
		ADA089CD23F722DD009C362E /* polygon.h in Headers */ = {isa = PBXBuildFile; fileRef = ADA0896623F722DD009C362E /* polygon.h */; };
		ADA089CE23F722DD009C362E /* h3Index.h in Headers */ = {isa = PBXBuildFile; fileRef = ADA0896723F722DD009C362E /* h3Index.h */; };
		ADA089CF23F722DD009C362E /* h3UniEdge.h in Headers */ = {isa = PBXBuildFile; fileRef = ADA0896823F722DD009C362E /* h3UniEdge.h */; };
		ADA089D023F722DD009C362E /* geoCoord.h in Headers */ = {isa = PBXBuildFile; fileRef = ADA0896923F722DD009C362E /* geoCoord.h */; };
		ADA089D123F722DD009C362E /* vec2d.h in Headers */ = {isa = PBXBuildFile; fileRef = ADA0896A23F722DD009C362E /* vec2d.h */; };
		ADA089D223F722DD009C362E /* linkedGeo.h in Headers */ = {isa = PBXBuildFile; fileRef = ADA0896B23F722DD009C362E /* linkedGeo.h */; };
		ADA089D323F722DD009C362E /* baseCells.h in Headers */ = {isa = PBXBuildFile; fileRef = ADA0896C23F722DD009C362E /* baseCells.h */; };
		ADA089D423F722DD009C362E /* vec3d.h in Headers */ = {isa = PBXBuildFile; fileRef = ADA0896D23F722DD009C362E /* vec3d.h */; };
		ADA089D523F722DD009C362E /* faceijk.h in Headers */ = {isa = PBXBuildFile; fileRef = ADA0896E23F722DD009C362E /* faceijk.h */; };
		ADA089D623F722DD009C362E /* vertexGraph.h in Headers */ = {isa = PBXBuildFile; fileRef = ADA0896F23F722DD009C362E /* vertexGraph.h */; };
		ADA089D723F722DD009C362E /* mathExtensions.h in Headers */ = {isa = PBXBuildFile; fileRef = ADA0897023F722DD009C362E /* mathExtensions.h */; };
		ADA089D823F722DD009C362E /* constants.h in Headers */ = {isa = PBXBuildFile; fileRef = ADA0897123F722DD009C362E /* constants.h */; };
		ADA089D923F722DD009C362E /* coordijk.h in Headers */ = {isa = PBXBuildFile; fileRef = ADA0897223F722DD009C362E /* coordijk.h */; };
		ADA089DA23F722DD009C362E /* localij.h in Headers */ = {isa = PBXBuildFile; fileRef = ADA0897323F722DD009C362E /* localij.h */; };
		ADA089DB23F722DD009C362E /* algos.h in Headers */ = {isa = PBXBuildFile; fileRef = ADA0897423F722DD009C362E /* algos.h */; };
		ADA089DC23F722DD009C362E /* h3api.h.in in Resources */ = {isa = PBXBuildFile; fileRef = ADA0897523F722DD009C362E /* h3api.h.in */; };
		ADA089DD23F722DD009C362E /* algos.c in Sources */ = {isa = PBXBuildFile; fileRef = ADA0897723F722DD009C362E /* algos.c */; };
		ADA089DE23F722DD009C362E /* localij.c in Sources */ = {isa = PBXBuildFile; fileRef = ADA0897823F722DD009C362E /* localij.c */; };
		ADA089DF23F722DD009C362E /* coordijk.c in Sources */ = {isa = PBXBuildFile; fileRef = ADA0897923F722DD009C362E /* coordijk.c */; };
		ADA089E023F722DD009C362E /* polygon.c in Sources */ = {isa = PBXBuildFile; fileRef = ADA0897A23F722DD009C362E /* polygon.c */; };
		ADA089E123F722DD009C362E /* bbox.c in Sources */ = {isa = PBXBuildFile; fileRef = ADA0897B23F722DD009C362E /* bbox.c */; };
		ADA089E223F722DD009C362E /* h3Index.c in Sources */ = {isa = PBXBuildFile; fileRef = ADA0897C23F722DD009C362E /* h3Index.c */; };
		ADA089E323F722DD009C362E /* vec2d.c in Sources */ = {isa = PBXBuildFile; fileRef = ADA0897D23F722DD009C362E /* vec2d.c */; };
		ADA089E423F722DD009C362E /* linkedGeo.c in Sources */ = {isa = PBXBuildFile; fileRef = ADA0897E23F722DD009C362E /* linkedGeo.c */; };
		ADA089E523F722DD009C362E /* geoCoord.c in Sources */ = {isa = PBXBuildFile; fileRef = ADA0897F23F722DD009C362E /* geoCoord.c */; };
		ADA089E623F722DD009C362E /* h3UniEdge.c in Sources */ = {isa = PBXBuildFile; fileRef = ADA0898023F722DD009C362E /* h3UniEdge.c */; };
		ADA089E723F722DD009C362E /* mathExtensions.c in Sources */ = {isa = PBXBuildFile; fileRef = ADA0898123F722DD009C362E /* mathExtensions.c */; };
		ADA089E823F722DD009C362E /* vec3d.c in Sources */ = {isa = PBXBuildFile; fileRef = ADA0898223F722DD009C362E /* vec3d.c */; };
		ADA089E923F722DD009C362E /* vertexGraph.c in Sources */ = {isa = PBXBuildFile; fileRef = ADA0898323F722DD009C362E /* vertexGraph.c */; };
		ADA089EA23F722DD009C362E /* faceijk.c in Sources */ = {isa = PBXBuildFile; fileRef = ADA0898423F722DD009C362E /* faceijk.c */; };
		ADA089EB23F722DD009C362E /* baseCells.c in Sources */ = {isa = PBXBuildFile; fileRef = ADA0898523F722DD009C362E /* baseCells.c */; };
		ADB917122030CCBD007CFF0B /* h3-swift.swift in Sources */ = {isa = PBXBuildFile; fileRef = ADB917112030CCBD007CFF0B /* h3-swift.swift */; };
		ADEA014A20303A2B000C2FD2 /* README.md in Resources */ = {isa = PBXBuildFile; fileRef = ADEA008220303A2B000C2FD2 /* README.md */; };
		ADEA01E120303A2B000C2FD2 /* VERSION in Resources */ = {isa = PBXBuildFile; fileRef = ADEA012820303A2B000C2FD2 /* VERSION */; };
/* End PBXBuildFile section */

/* Begin PBXFileReference section */
		AD4B83E92027C04800D116BA /* h3_swift.framework */ = {isa = PBXFileReference; explicitFileType = wrapper.framework; includeInIndex = 0; path = h3_swift.framework; sourceTree = BUILT_PRODUCTS_DIR; };
		AD4B83EC2027C04900D116BA /* h3_swift.h */ = {isa = PBXFileReference; lastKnownFileType = sourcecode.c.h; path = h3_swift.h; sourceTree = "<group>"; };
		AD4B83ED2027C04900D116BA /* Info.plist */ = {isa = PBXFileReference; lastKnownFileType = text.plist.xml; path = Info.plist; sourceTree = "<group>"; };
		AD71F4F02030DE4900B92D8E /* module.modulemap */ = {isa = PBXFileReference; fileEncoding = 4; lastKnownFileType = "sourcecode.module-map"; path = module.modulemap; sourceTree = "<group>"; };
		ADA0896423F722DD009C362E /* bbox.h */ = {isa = PBXFileReference; fileEncoding = 4; lastKnownFileType = sourcecode.c.h; path = bbox.h; sourceTree = "<group>"; };
		ADA0896523F722DD009C362E /* polygonAlgos.h */ = {isa = PBXFileReference; fileEncoding = 4; lastKnownFileType = sourcecode.c.h; path = polygonAlgos.h; sourceTree = "<group>"; };
		ADA0896623F722DD009C362E /* polygon.h */ = {isa = PBXFileReference; fileEncoding = 4; lastKnownFileType = sourcecode.c.h; path = polygon.h; sourceTree = "<group>"; };
		ADA0896723F722DD009C362E /* h3Index.h */ = {isa = PBXFileReference; fileEncoding = 4; lastKnownFileType = sourcecode.c.h; path = h3Index.h; sourceTree = "<group>"; };
		ADA0896823F722DD009C362E /* h3UniEdge.h */ = {isa = PBXFileReference; fileEncoding = 4; lastKnownFileType = sourcecode.c.h; path = h3UniEdge.h; sourceTree = "<group>"; };
		ADA0896923F722DD009C362E /* geoCoord.h */ = {isa = PBXFileReference; fileEncoding = 4; lastKnownFileType = sourcecode.c.h; path = geoCoord.h; sourceTree = "<group>"; };
		ADA0896A23F722DD009C362E /* vec2d.h */ = {isa = PBXFileReference; fileEncoding = 4; lastKnownFileType = sourcecode.c.h; path = vec2d.h; sourceTree = "<group>"; };
		ADA0896B23F722DD009C362E /* linkedGeo.h */ = {isa = PBXFileReference; fileEncoding = 4; lastKnownFileType = sourcecode.c.h; path = linkedGeo.h; sourceTree = "<group>"; };
		ADA0896C23F722DD009C362E /* baseCells.h */ = {isa = PBXFileReference; fileEncoding = 4; lastKnownFileType = sourcecode.c.h; path = baseCells.h; sourceTree = "<group>"; };
		ADA0896D23F722DD009C362E /* vec3d.h */ = {isa = PBXFileReference; fileEncoding = 4; lastKnownFileType = sourcecode.c.h; path = vec3d.h; sourceTree = "<group>"; };
		ADA0896E23F722DD009C362E /* faceijk.h */ = {isa = PBXFileReference; fileEncoding = 4; lastKnownFileType = sourcecode.c.h; path = faceijk.h; sourceTree = "<group>"; };
		ADA0896F23F722DD009C362E /* vertexGraph.h */ = {isa = PBXFileReference; fileEncoding = 4; lastKnownFileType = sourcecode.c.h; path = vertexGraph.h; sourceTree = "<group>"; };
		ADA0897023F722DD009C362E /* mathExtensions.h */ = {isa = PBXFileReference; fileEncoding = 4; lastKnownFileType = sourcecode.c.h; path = mathExtensions.h; sourceTree = "<group>"; };
		ADA0897123F722DD009C362E /* constants.h */ = {isa = PBXFileReference; fileEncoding = 4; lastKnownFileType = sourcecode.c.h; path = constants.h; sourceTree = "<group>"; };
		ADA0897223F722DD009C362E /* coordijk.h */ = {isa = PBXFileReference; fileEncoding = 4; lastKnownFileType = sourcecode.c.h; path = coordijk.h; sourceTree = "<group>"; };
		ADA0897323F722DD009C362E /* localij.h */ = {isa = PBXFileReference; fileEncoding = 4; lastKnownFileType = sourcecode.c.h; path = localij.h; sourceTree = "<group>"; };
		ADA0897423F722DD009C362E /* algos.h */ = {isa = PBXFileReference; fileEncoding = 4; lastKnownFileType = sourcecode.c.h; path = algos.h; sourceTree = "<group>"; };
		ADA0897523F722DD009C362E /* h3api.h.in */ = {isa = PBXFileReference; fileEncoding = 4; lastKnownFileType = text; path = h3api.h.in; sourceTree = "<group>"; };
		ADA0897723F722DD009C362E /* algos.c */ = {isa = PBXFileReference; fileEncoding = 4; lastKnownFileType = sourcecode.c.c; path = algos.c; sourceTree = "<group>"; };
		ADA0897823F722DD009C362E /* localij.c */ = {isa = PBXFileReference; fileEncoding = 4; lastKnownFileType = sourcecode.c.c; path = localij.c; sourceTree = "<group>"; };
		ADA0897923F722DD009C362E /* coordijk.c */ = {isa = PBXFileReference; fileEncoding = 4; lastKnownFileType = sourcecode.c.c; path = coordijk.c; sourceTree = "<group>"; };
		ADA0897A23F722DD009C362E /* polygon.c */ = {isa = PBXFileReference; fileEncoding = 4; lastKnownFileType = sourcecode.c.c; path = polygon.c; sourceTree = "<group>"; };
		ADA0897B23F722DD009C362E /* bbox.c */ = {isa = PBXFileReference; fileEncoding = 4; lastKnownFileType = sourcecode.c.c; path = bbox.c; sourceTree = "<group>"; };
		ADA0897C23F722DD009C362E /* h3Index.c */ = {isa = PBXFileReference; fileEncoding = 4; lastKnownFileType = sourcecode.c.c; path = h3Index.c; sourceTree = "<group>"; };
		ADA0897D23F722DD009C362E /* vec2d.c */ = {isa = PBXFileReference; fileEncoding = 4; lastKnownFileType = sourcecode.c.c; path = vec2d.c; sourceTree = "<group>"; };
		ADA0897E23F722DD009C362E /* linkedGeo.c */ = {isa = PBXFileReference; fileEncoding = 4; lastKnownFileType = sourcecode.c.c; path = linkedGeo.c; sourceTree = "<group>"; };
		ADA0897F23F722DD009C362E /* geoCoord.c */ = {isa = PBXFileReference; fileEncoding = 4; lastKnownFileType = sourcecode.c.c; path = geoCoord.c; sourceTree = "<group>"; };
		ADA0898023F722DD009C362E /* h3UniEdge.c */ = {isa = PBXFileReference; fileEncoding = 4; lastKnownFileType = sourcecode.c.c; path = h3UniEdge.c; sourceTree = "<group>"; };
		ADA0898123F722DD009C362E /* mathExtensions.c */ = {isa = PBXFileReference; fileEncoding = 4; lastKnownFileType = sourcecode.c.c; path = mathExtensions.c; sourceTree = "<group>"; };
		ADA0898223F722DD009C362E /* vec3d.c */ = {isa = PBXFileReference; fileEncoding = 4; lastKnownFileType = sourcecode.c.c; path = vec3d.c; sourceTree = "<group>"; };
		ADA0898323F722DD009C362E /* vertexGraph.c */ = {isa = PBXFileReference; fileEncoding = 4; lastKnownFileType = sourcecode.c.c; path = vertexGraph.c; sourceTree = "<group>"; };
		ADA0898423F722DD009C362E /* faceijk.c */ = {isa = PBXFileReference; fileEncoding = 4; lastKnownFileType = sourcecode.c.c; path = faceijk.c; sourceTree = "<group>"; };
		ADA0898523F722DD009C362E /* baseCells.c */ = {isa = PBXFileReference; fileEncoding = 4; lastKnownFileType = sourcecode.c.c; path = baseCells.c; sourceTree = "<group>"; };
		ADB917112030CCBD007CFF0B /* h3-swift.swift */ = {isa = PBXFileReference; fileEncoding = 4; lastKnownFileType = sourcecode.swift; path = "h3-swift.swift"; sourceTree = "<group>"; };
		ADEA008220303A2B000C2FD2 /* README.md */ = {isa = PBXFileReference; fileEncoding = 4; lastKnownFileType = net.daringfireball.markdown; path = README.md; sourceTree = "<group>"; };
		ADEA012820303A2B000C2FD2 /* VERSION */ = {isa = PBXFileReference; fileEncoding = 4; lastKnownFileType = text; path = VERSION; sourceTree = "<group>"; };
/* End PBXFileReference section */

/* Begin PBXFrameworksBuildPhase section */
		AD4B83E52027C04800D116BA /* Frameworks */ = {
			isa = PBXFrameworksBuildPhase;
			buildActionMask = 2147483647;
			files = (
			);
			runOnlyForDeploymentPostprocessing = 0;
		};
/* End PBXFrameworksBuildPhase section */

/* Begin PBXGroup section */
		AD4B83DF2027C04800D116BA = {
			isa = PBXGroup;
			children = (
				AD71F4F02030DE4900B92D8E /* module.modulemap */,
				ADEA005B20303A2B000C2FD2 /* h3 */,
				AD4B83EB2027C04800D116BA /* h3-swift */,
				AD4B83EA2027C04800D116BA /* Products */,
			);
			sourceTree = "<group>";
		};
		AD4B83EA2027C04800D116BA /* Products */ = {
			isa = PBXGroup;
			children = (
				AD4B83E92027C04800D116BA /* h3_swift.framework */,
			);
			name = Products;
			sourceTree = "<group>";
		};
		AD4B83EB2027C04800D116BA /* h3-swift */ = {
			isa = PBXGroup;
			children = (
				ADB917112030CCBD007CFF0B /* h3-swift.swift */,
				AD4B83EC2027C04900D116BA /* h3_swift.h */,
				AD4B83ED2027C04900D116BA /* Info.plist */,
			);
			path = "h3-swift";
			sourceTree = "<group>";
		};
		ADA0891423F722DD009C362E /* src */ = {
			isa = PBXGroup;
			children = (
				ADA0896223F722DD009C362E /* h3lib */,
			);
			path = src;
			sourceTree = "<group>";
		};
		ADA0896223F722DD009C362E /* h3lib */ = {
			isa = PBXGroup;
			children = (
				ADA0896323F722DD009C362E /* include */,
				ADA0897623F722DD009C362E /* lib */,
			);
			path = h3lib;
			sourceTree = "<group>";
		};
		ADA0896323F722DD009C362E /* include */ = {
			isa = PBXGroup;
			children = (
				ADA0896423F722DD009C362E /* bbox.h */,
				ADA0896523F722DD009C362E /* polygonAlgos.h */,
				ADA0896623F722DD009C362E /* polygon.h */,
				ADA0896723F722DD009C362E /* h3Index.h */,
				ADA0896823F722DD009C362E /* h3UniEdge.h */,
				ADA0896923F722DD009C362E /* geoCoord.h */,
				ADA0896A23F722DD009C362E /* vec2d.h */,
				ADA0896B23F722DD009C362E /* linkedGeo.h */,
				ADA0896C23F722DD009C362E /* baseCells.h */,
				ADA0896D23F722DD009C362E /* vec3d.h */,
				ADA0896E23F722DD009C362E /* faceijk.h */,
				ADA0896F23F722DD009C362E /* vertexGraph.h */,
				ADA0897023F722DD009C362E /* mathExtensions.h */,
				ADA0897123F722DD009C362E /* constants.h */,
				ADA0897223F722DD009C362E /* coordijk.h */,
				ADA0897323F722DD009C362E /* localij.h */,
				ADA0897423F722DD009C362E /* algos.h */,
				ADA0897523F722DD009C362E /* h3api.h.in */,
			);
			path = include;
			sourceTree = "<group>";
		};
		ADA0897623F722DD009C362E /* lib */ = {
			isa = PBXGroup;
			children = (
				ADA0897723F722DD009C362E /* algos.c */,
				ADA0897823F722DD009C362E /* localij.c */,
				ADA0897923F722DD009C362E /* coordijk.c */,
				ADA0897A23F722DD009C362E /* polygon.c */,
				ADA0897B23F722DD009C362E /* bbox.c */,
				ADA0897C23F722DD009C362E /* h3Index.c */,
				ADA0897D23F722DD009C362E /* vec2d.c */,
				ADA0897E23F722DD009C362E /* linkedGeo.c */,
				ADA0897F23F722DD009C362E /* geoCoord.c */,
				ADA0898023F722DD009C362E /* h3UniEdge.c */,
				ADA0898123F722DD009C362E /* mathExtensions.c */,
				ADA0898223F722DD009C362E /* vec3d.c */,
				ADA0898323F722DD009C362E /* vertexGraph.c */,
				ADA0898423F722DD009C362E /* faceijk.c */,
				ADA0898523F722DD009C362E /* baseCells.c */,
			);
			path = lib;
			sourceTree = "<group>";
		};
		ADEA005B20303A2B000C2FD2 /* h3 */ = {
			isa = PBXGroup;
			children = (
				ADA0891423F722DD009C362E /* src */,
				ADEA008220303A2B000C2FD2 /* README.md */,
				ADEA012820303A2B000C2FD2 /* VERSION */,
			);
			path = h3;
			sourceTree = "<group>";
		};
/* End PBXGroup section */

/* Begin PBXHeadersBuildPhase section */
		AD4B83E62027C04800D116BA /* Headers */ = {
			isa = PBXHeadersBuildPhase;
			buildActionMask = 2147483647;
			files = (
				ADA089D123F722DD009C362E /* vec2d.h in Headers */,
				ADA089D323F722DD009C362E /* baseCells.h in Headers */,
				ADA089D423F722DD009C362E /* vec3d.h in Headers */,
				ADA089CF23F722DD009C362E /* h3UniEdge.h in Headers */,
				ADA089D023F722DD009C362E /* geoCoord.h in Headers */,
				ADA089DB23F722DD009C362E /* algos.h in Headers */,
				ADA089CB23F722DD009C362E /* bbox.h in Headers */,
				ADA089CC23F722DD009C362E /* polygonAlgos.h in Headers */,
				ADA089D523F722DD009C362E /* faceijk.h in Headers */,
				ADA089D923F722DD009C362E /* coordijk.h in Headers */,
				ADA089D823F722DD009C362E /* constants.h in Headers */,
				AD4B83EE2027C04900D116BA /* h3_swift.h in Headers */,
				ADA089CD23F722DD009C362E /* polygon.h in Headers */,
				ADA089CE23F722DD009C362E /* h3Index.h in Headers */,
				ADA089DA23F722DD009C362E /* localij.h in Headers */,
				ADA089D623F722DD009C362E /* vertexGraph.h in Headers */,
				ADA089D223F722DD009C362E /* linkedGeo.h in Headers */,
				ADA089D723F722DD009C362E /* mathExtensions.h in Headers */,
			);
			runOnlyForDeploymentPostprocessing = 0;
		};
/* End PBXHeadersBuildPhase section */

/* Begin PBXNativeTarget section */
		AD4B83E82027C04800D116BA /* h3-swift */ = {
			isa = PBXNativeTarget;
			buildConfigurationList = AD4B83F12027C04900D116BA /* Build configuration list for PBXNativeTarget "h3-swift" */;
			buildPhases = (
				ADA0891323F72204009C362E /* ShellScript */,
				AD4B83E42027C04800D116BA /* Sources */,
				AD4B83E52027C04800D116BA /* Frameworks */,
				AD4B83E62027C04800D116BA /* Headers */,
				AD4B83E72027C04800D116BA /* Resources */,
			);
			buildRules = (
			);
			dependencies = (
			);
			name = "h3-swift";
			productName = "h3-swift";
			productReference = AD4B83E92027C04800D116BA /* h3_swift.framework */;
			productType = "com.apple.product-type.framework";
		};
/* End PBXNativeTarget section */

/* Begin PBXProject section */
		AD4B83E02027C04800D116BA /* Project object */ = {
			isa = PBXProject;
			attributes = {
				LastUpgradeCheck = 1130;
				ORGANIZATIONNAME = "David Van Duzer";
				TargetAttributes = {
					AD4B83E82027C04800D116BA = {
						CreatedOnToolsVersion = 9.2;
						LastSwiftMigration = 0920;
						ProvisioningStyle = Automatic;
					};
				};
			};
			buildConfigurationList = AD4B83E32027C04800D116BA /* Build configuration list for PBXProject "h3-swift" */;
			compatibilityVersion = "Xcode 8.0";
			developmentRegion = en;
			hasScannedForEncodings = 0;
			knownRegions = (
				en,
				Base,
			);
			mainGroup = AD4B83DF2027C04800D116BA;
			productRefGroup = AD4B83EA2027C04800D116BA /* Products */;
			projectDirPath = "";
			projectRoot = "";
			targets = (
				AD4B83E82027C04800D116BA /* h3-swift */,
			);
		};
/* End PBXProject section */

/* Begin PBXResourcesBuildPhase section */
		AD4B83E72027C04800D116BA /* Resources */ = {
			isa = PBXResourcesBuildPhase;
			buildActionMask = 2147483647;
			files = (
				ADEA01E120303A2B000C2FD2 /* VERSION in Resources */,
				ADA089DC23F722DD009C362E /* h3api.h.in in Resources */,
				ADEA014A20303A2B000C2FD2 /* README.md in Resources */,
			);
			runOnlyForDeploymentPostprocessing = 0;
		};
/* End PBXResourcesBuildPhase section */

/* Begin PBXShellScriptBuildPhase section */
		ADA0891323F72204009C362E /* ShellScript */ = {
			isa = PBXShellScriptBuildPhase;
			buildActionMask = 2147483647;
			files = (
			);
			inputFileListPaths = (
			);
			inputPaths = (
			);
			outputFileListPaths = (
			);
			outputPaths = (
			);
			runOnlyForDeploymentPostprocessing = 0;
			shellPath = /bin/sh;
			shellScript = "cd h3\ncmake .\n";
		};
/* End PBXShellScriptBuildPhase section */

/* Begin PBXSourcesBuildPhase section */
		AD4B83E42027C04800D116BA /* Sources */ = {
			isa = PBXSourcesBuildPhase;
			buildActionMask = 2147483647;
			files = (
				ADA089EA23F722DD009C362E /* faceijk.c in Sources */,
				ADA089E523F722DD009C362E /* geoCoord.c in Sources */,
				ADA089E223F722DD009C362E /* h3Index.c in Sources */,
				ADA089E423F722DD009C362E /* linkedGeo.c in Sources */,
				ADA089E623F722DD009C362E /* h3UniEdge.c in Sources */,
				ADA089E823F722DD009C362E /* vec3d.c in Sources */,
				ADA089E923F722DD009C362E /* vertexGraph.c in Sources */,
				ADA089E323F722DD009C362E /* vec2d.c in Sources */,
				ADA089DD23F722DD009C362E /* algos.c in Sources */,
				ADA089EB23F722DD009C362E /* baseCells.c in Sources */,
				ADA089E723F722DD009C362E /* mathExtensions.c in Sources */,
				ADA089E023F722DD009C362E /* polygon.c in Sources */,
				ADA089E123F722DD009C362E /* bbox.c in Sources */,
				ADA089DE23F722DD009C362E /* localij.c in Sources */,
				ADB917122030CCBD007CFF0B /* h3-swift.swift in Sources */,
				ADA089DF23F722DD009C362E /* coordijk.c in Sources */,
			);
			runOnlyForDeploymentPostprocessing = 0;
		};
/* End PBXSourcesBuildPhase section */

/* Begin XCBuildConfiguration section */
		AD4B83EF2027C04900D116BA /* Debug */ = {
			isa = XCBuildConfiguration;
			buildSettings = {
				ALWAYS_SEARCH_USER_PATHS = NO;
				CLANG_ANALYZER_NONNULL = YES;
				CLANG_ANALYZER_NUMBER_OBJECT_CONVERSION = YES_AGGRESSIVE;
				CLANG_CXX_LANGUAGE_STANDARD = "gnu++14";
				CLANG_CXX_LIBRARY = "libc++";
				CLANG_ENABLE_MODULES = YES;
				CLANG_ENABLE_OBJC_ARC = YES;
				CLANG_WARN_BLOCK_CAPTURE_AUTORELEASING = YES;
				CLANG_WARN_BOOL_CONVERSION = YES;
				CLANG_WARN_COMMA = YES;
				CLANG_WARN_CONSTANT_CONVERSION = YES;
				CLANG_WARN_DEPRECATED_OBJC_IMPLEMENTATIONS = YES;
				CLANG_WARN_DIRECT_OBJC_ISA_USAGE = YES_ERROR;
				CLANG_WARN_DOCUMENTATION_COMMENTS = YES;
				CLANG_WARN_EMPTY_BODY = YES;
				CLANG_WARN_ENUM_CONVERSION = YES;
				CLANG_WARN_INFINITE_RECURSION = YES;
				CLANG_WARN_INT_CONVERSION = YES;
				CLANG_WARN_NON_LITERAL_NULL_CONVERSION = YES;
				CLANG_WARN_OBJC_IMPLICIT_RETAIN_SELF = YES;
				CLANG_WARN_OBJC_LITERAL_CONVERSION = YES;
				CLANG_WARN_OBJC_ROOT_CLASS = YES_ERROR;
				CLANG_WARN_RANGE_LOOP_ANALYSIS = YES;
				CLANG_WARN_STRICT_PROTOTYPES = YES;
				CLANG_WARN_SUSPICIOUS_MOVE = YES;
				CLANG_WARN_UNGUARDED_AVAILABILITY = YES_AGGRESSIVE;
				CLANG_WARN_UNREACHABLE_CODE = YES;
				CLANG_WARN__DUPLICATE_METHOD_MATCH = YES;
				CODE_SIGN_IDENTITY = "iPhone Developer";
				COPY_PHASE_STRIP = NO;
				CURRENT_PROJECT_VERSION = 1;
				DEBUG_INFORMATION_FORMAT = dwarf;
				ENABLE_STRICT_OBJC_MSGSEND = YES;
				ENABLE_TESTABILITY = YES;
				GCC_C_LANGUAGE_STANDARD = gnu11;
				GCC_DYNAMIC_NO_PIC = NO;
				GCC_NO_COMMON_BLOCKS = YES;
				GCC_OPTIMIZATION_LEVEL = 0;
				GCC_PREPROCESSOR_DEFINITIONS = (
					"DEBUG=1",
					"$(inherited)",
				);
				GCC_WARN_64_TO_32_BIT_CONVERSION = YES;
				GCC_WARN_ABOUT_RETURN_TYPE = YES_ERROR;
				GCC_WARN_UNDECLARED_SELECTOR = YES;
				GCC_WARN_UNINITIALIZED_AUTOS = YES_AGGRESSIVE;
				GCC_WARN_UNUSED_FUNCTION = YES;
				GCC_WARN_UNUSED_VARIABLE = YES;
				IPHONEOS_DEPLOYMENT_TARGET = 11.2;
				MTL_ENABLE_DEBUG_INFO = YES;
				ONLY_ACTIVE_ARCH = YES;
				SDKROOT = iphoneos;
				SWIFT_ACTIVE_COMPILATION_CONDITIONS = DEBUG;
				SWIFT_OPTIMIZATION_LEVEL = "-Onone";
				VERSIONING_SYSTEM = "apple-generic";
				VERSION_INFO_PREFIX = "";
			};
			name = Debug;
		};
		AD4B83F02027C04900D116BA /* Release */ = {
			isa = XCBuildConfiguration;
			buildSettings = {
				ALWAYS_SEARCH_USER_PATHS = NO;
				CLANG_ANALYZER_NONNULL = YES;
				CLANG_ANALYZER_NUMBER_OBJECT_CONVERSION = YES_AGGRESSIVE;
				CLANG_CXX_LANGUAGE_STANDARD = "gnu++14";
				CLANG_CXX_LIBRARY = "libc++";
				CLANG_ENABLE_MODULES = YES;
				CLANG_ENABLE_OBJC_ARC = YES;
				CLANG_WARN_BLOCK_CAPTURE_AUTORELEASING = YES;
				CLANG_WARN_BOOL_CONVERSION = YES;
				CLANG_WARN_COMMA = YES;
				CLANG_WARN_CONSTANT_CONVERSION = YES;
				CLANG_WARN_DEPRECATED_OBJC_IMPLEMENTATIONS = YES;
				CLANG_WARN_DIRECT_OBJC_ISA_USAGE = YES_ERROR;
				CLANG_WARN_DOCUMENTATION_COMMENTS = YES;
				CLANG_WARN_EMPTY_BODY = YES;
				CLANG_WARN_ENUM_CONVERSION = YES;
				CLANG_WARN_INFINITE_RECURSION = YES;
				CLANG_WARN_INT_CONVERSION = YES;
				CLANG_WARN_NON_LITERAL_NULL_CONVERSION = YES;
				CLANG_WARN_OBJC_IMPLICIT_RETAIN_SELF = YES;
				CLANG_WARN_OBJC_LITERAL_CONVERSION = YES;
				CLANG_WARN_OBJC_ROOT_CLASS = YES_ERROR;
				CLANG_WARN_RANGE_LOOP_ANALYSIS = YES;
				CLANG_WARN_STRICT_PROTOTYPES = YES;
				CLANG_WARN_SUSPICIOUS_MOVE = YES;
				CLANG_WARN_UNGUARDED_AVAILABILITY = YES_AGGRESSIVE;
				CLANG_WARN_UNREACHABLE_CODE = YES;
				CLANG_WARN__DUPLICATE_METHOD_MATCH = YES;
				CODE_SIGN_IDENTITY = "iPhone Developer";
				COPY_PHASE_STRIP = NO;
				CURRENT_PROJECT_VERSION = 1;
				DEBUG_INFORMATION_FORMAT = "dwarf-with-dsym";
				ENABLE_NS_ASSERTIONS = NO;
				ENABLE_STRICT_OBJC_MSGSEND = YES;
				GCC_C_LANGUAGE_STANDARD = gnu11;
				GCC_NO_COMMON_BLOCKS = YES;
				GCC_WARN_64_TO_32_BIT_CONVERSION = YES;
				GCC_WARN_ABOUT_RETURN_TYPE = YES_ERROR;
				GCC_WARN_UNDECLARED_SELECTOR = YES;
				GCC_WARN_UNINITIALIZED_AUTOS = YES_AGGRESSIVE;
				GCC_WARN_UNUSED_FUNCTION = YES;
				GCC_WARN_UNUSED_VARIABLE = YES;
				IPHONEOS_DEPLOYMENT_TARGET = 11.2;
				MTL_ENABLE_DEBUG_INFO = NO;
				SDKROOT = iphoneos;
				SWIFT_OPTIMIZATION_LEVEL = "-Owholemodule";
				VALIDATE_PRODUCT = YES;
				VERSIONING_SYSTEM = "apple-generic";
				VERSION_INFO_PREFIX = "";
			};
			name = Release;
		};
		AD4B83F22027C04900D116BA /* Debug */ = {
			isa = XCBuildConfiguration;
			buildSettings = {
				CLANG_ENABLE_MODULES = YES;
				CODE_SIGN_IDENTITY = "";
				CODE_SIGN_STYLE = Automatic;
				DEFINES_MODULE = YES;
				DYLIB_COMPATIBILITY_VERSION = 1;
				DYLIB_CURRENT_VERSION = 1;
				DYLIB_INSTALL_NAME_BASE = "@rpath";
				HEADER_SEARCH_PATHS = "${SRCROOT}/h3/src/h3lib/include";
				INFOPLIST_FILE = "h3-swift/Info.plist";
				INSTALL_PATH = "$(LOCAL_LIBRARY_DIR)/Frameworks";
				LD_RUNPATH_SEARCH_PATHS = "$(inherited) @executable_path/Frameworks @loader_path/Frameworks";
				LIBRARY_SEARCH_PATHS = "${SRCROOT}/h3/src/h3lib/lib";
				PRODUCT_BUNDLE_IDENTIFIER = "org.scupper.h3-swift";
				PRODUCT_NAME = "$(TARGET_NAME:c99extidentifier)";
				SKIP_INSTALL = YES;
				SWIFT_INCLUDE_PATHS = "${SRCROOT}";
				SWIFT_OPTIMIZATION_LEVEL = "-Onone";
				SWIFT_VERSION = 4.0;
				TARGETED_DEVICE_FAMILY = "1,2";
			};
			name = Debug;
		};
		AD4B83F32027C04900D116BA /* Release */ = {
			isa = XCBuildConfiguration;
			buildSettings = {
				CLANG_ENABLE_MODULES = YES;
				CODE_SIGN_IDENTITY = "";
				CODE_SIGN_STYLE = Automatic;
				DEFINES_MODULE = YES;
				DYLIB_COMPATIBILITY_VERSION = 1;
				DYLIB_CURRENT_VERSION = 1;
				DYLIB_INSTALL_NAME_BASE = "@rpath";
				HEADER_SEARCH_PATHS = "${SRCROOT}/h3/src/h3lib/include";
				INFOPLIST_FILE = "h3-swift/Info.plist";
				INSTALL_PATH = "$(LOCAL_LIBRARY_DIR)/Frameworks";
				LD_RUNPATH_SEARCH_PATHS = "$(inherited) @executable_path/Frameworks @loader_path/Frameworks";
				LIBRARY_SEARCH_PATHS = "${SRCROOT}/h3/src/h3lib/lib";
				PRODUCT_BUNDLE_IDENTIFIER = "org.scupper.h3-swift";
				PRODUCT_NAME = "$(TARGET_NAME:c99extidentifier)";
				SKIP_INSTALL = YES;
				SWIFT_INCLUDE_PATHS = "${SRCROOT}";
				SWIFT_VERSION = 4.0;
				TARGETED_DEVICE_FAMILY = "1,2";
			};
			name = Release;
		};
/* End XCBuildConfiguration section */

/* Begin XCConfigurationList section */
		AD4B83E32027C04800D116BA /* Build configuration list for PBXProject "h3-swift" */ = {
			isa = XCConfigurationList;
			buildConfigurations = (
				AD4B83EF2027C04900D116BA /* Debug */,
				AD4B83F02027C04900D116BA /* Release */,
			);
			defaultConfigurationIsVisible = 0;
			defaultConfigurationName = Release;
		};
		AD4B83F12027C04900D116BA /* Build configuration list for PBXNativeTarget "h3-swift" */ = {
			isa = XCConfigurationList;
			buildConfigurations = (
				AD4B83F22027C04900D116BA /* Debug */,
				AD4B83F32027C04900D116BA /* Release */,
			);
			defaultConfigurationIsVisible = 0;
			defaultConfigurationName = Release;
		};
/* End XCConfigurationList section */
	};
	rootObject = AD4B83E02027C04800D116BA /* Project object */;
}
