// !$*UTF8*$!
{
	archiveVersion = 1;
	classes = {
	};
	objectVersion = 48;
	objects = {

/* Begin PBXBuildFile section */
		AD4B83EE2027C04900D116BA /* h3_swift.h in Headers */ = {isa = PBXBuildFile; fileRef = AD4B83EC2027C04900D116BA /* h3_swift.h */; settings = {ATTRIBUTES = (Public, ); }; };
		ADEA012920303A2B000C2FD2 /* .gitignore in Resources */ = {isa = PBXBuildFile; fileRef = ADEA005C20303A2B000C2FD2 /* .gitignore */; };
		ADEA012A20303A2B000C2FD2 /* .travis.yml in Resources */ = {isa = PBXBuildFile; fileRef = ADEA005D20303A2B000C2FD2 /* .travis.yml */; };
		ADEA012B20303A2B000C2FD2 /* CHANGELOG.md in Resources */ = {isa = PBXBuildFile; fileRef = ADEA005E20303A2B000C2FD2 /* CHANGELOG.md */; };
		ADEA012C20303A2B000C2FD2 /* CMakeLists.txt in Resources */ = {isa = PBXBuildFile; fileRef = ADEA005F20303A2B000C2FD2 /* CMakeLists.txt */; };
		ADEA012D20303A2B000C2FD2 /* build_windows.md in Resources */ = {isa = PBXBuildFile; fileRef = ADEA006120303A2B000C2FD2 /* build_windows.md */; };
		ADEA012E20303A2B000C2FD2 /* Doxyfile.in in Resources */ = {isa = PBXBuildFile; fileRef = ADEA006220303A2B000C2FD2 /* Doxyfile.in */; };
		ADEA012F20303A2B000C2FD2 /* coordsystems.md in Resources */ = {isa = PBXBuildFile; fileRef = ADEA006420303A2B000C2FD2 /* coordsystems.md */; };
		ADEA013020303A2B000C2FD2 /* filters.md in Resources */ = {isa = PBXBuildFile; fileRef = ADEA006520303A2B000C2FD2 /* filters.md */; };
		ADEA013120303A2B000C2FD2 /* geoToH3desc.md in Resources */ = {isa = PBXBuildFile; fileRef = ADEA006620303A2B000C2FD2 /* geoToH3desc.md */; };
		ADEA013220303A2B000C2FD2 /* h3indexing.md in Resources */ = {isa = PBXBuildFile; fileRef = ADEA006720303A2B000C2FD2 /* h3indexing.md */; };
		ADEA013320303A2B000C2FD2 /* h3ToGeoBoundaryDesc.md in Resources */ = {isa = PBXBuildFile; fileRef = ADEA006820303A2B000C2FD2 /* h3ToGeoBoundaryDesc.md */; };
		ADEA013420303A2B000C2FD2 /* h3ToGeoDesc.md in Resources */ = {isa = PBXBuildFile; fileRef = ADEA006920303A2B000C2FD2 /* h3ToGeoDesc.md */; };
		ADEA013520303A2B000C2FD2 /* ca_compact_6_901.png in Resources */ = {isa = PBXBuildFile; fileRef = ADEA006B20303A2B000C2FD2 /* ca_compact_6_901.png */; };
		ADEA013620303A2B000C2FD2 /* ca_uncompact_6_10633.png in Resources */ = {isa = PBXBuildFile; fileRef = ADEA006C20303A2B000C2FD2 /* ca_uncompact_6_10633.png */; };
		ADEA013720303A2B000C2FD2 /* classII.III.png in Resources */ = {isa = PBXBuildFile; fileRef = ADEA006D20303A2B000C2FD2 /* classII.III.png */; };
		ADEA013820303A2B000C2FD2 /* cpidigits.png in Resources */ = {isa = PBXBuildFile; fileRef = ADEA006E20303A2B000C2FD2 /* cpidigits.png */; };
		ADEA013920303A2B000C2FD2 /* ijkp.png in Resources */ = {isa = PBXBuildFile; fileRef = ADEA006F20303A2B000C2FD2 /* ijkp.png */; };
		ADEA013A20303A2B000C2FD2 /* neighbors-hexagon.png in Resources */ = {isa = PBXBuildFile; fileRef = ADEA007020303A2B000C2FD2 /* neighbors-hexagon.png */; };
		ADEA013B20303A2B000C2FD2 /* neighbors-square.png in Resources */ = {isa = PBXBuildFile; fileRef = ADEA007120303A2B000C2FD2 /* neighbors-square.png */; };
		ADEA013C20303A2B000C2FD2 /* neighbors-triangle.png in Resources */ = {isa = PBXBuildFile; fileRef = ADEA007220303A2B000C2FD2 /* neighbors-triangle.png */; };
		ADEA013D20303A2B000C2FD2 /* neighbors.png in Resources */ = {isa = PBXBuildFile; fileRef = ADEA007320303A2B000C2FD2 /* neighbors.png */; };
		ADEA013E20303A2B000C2FD2 /* parent-child.png in Resources */ = {isa = PBXBuildFile; fileRef = ADEA007420303A2B000C2FD2 /* parent-child.png */; };
		ADEA013F20303A2B000C2FD2 /* substrate3.png in Resources */ = {isa = PBXBuildFile; fileRef = ADEA007520303A2B000C2FD2 /* substrate3.png */; };
		ADEA014020303A2B000C2FD2 /* triEdge.png in Resources */ = {isa = PBXBuildFile; fileRef = ADEA007620303A2B000C2FD2 /* triEdge.png */; };
		ADEA014120303A2B000C2FD2 /* mainpage.md in Resources */ = {isa = PBXBuildFile; fileRef = ADEA007720303A2B000C2FD2 /* mainpage.md */; };
		ADEA014220303A2B000C2FD2 /* overview.md in Resources */ = {isa = PBXBuildFile; fileRef = ADEA007820303A2B000C2FD2 /* overview.md */; };
		ADEA014320303A2B000C2FD2 /* restable.md in Resources */ = {isa = PBXBuildFile; fileRef = ADEA007920303A2B000C2FD2 /* restable.md */; };
		ADEA014420303A2B000C2FD2 /* usage.md in Resources */ = {isa = PBXBuildFile; fileRef = ADEA007A20303A2B000C2FD2 /* usage.md */; };
		ADEA014520303A2B000C2FD2 /* usecases.md in Resources */ = {isa = PBXBuildFile; fileRef = ADEA007B20303A2B000C2FD2 /* usecases.md */; };
		ADEA014620303A2B000C2FD2 /* distance.c in Sources */ = {isa = PBXBuildFile; fileRef = ADEA007D20303A2B000C2FD2 /* distance.c */; };
		ADEA014720303A2B000C2FD2 /* index.c in Sources */ = {isa = PBXBuildFile; fileRef = ADEA007E20303A2B000C2FD2 /* index.c */; };
		ADEA014820303A2B000C2FD2 /* icosa.kml in Resources */ = {isa = PBXBuildFile; fileRef = ADEA008020303A2B000C2FD2 /* icosa.kml */; };
		ADEA014920303A2B000C2FD2 /* LICENSE in Resources */ = {isa = PBXBuildFile; fileRef = ADEA008120303A2B000C2FD2 /* LICENSE */; };
		ADEA014A20303A2B000C2FD2 /* README.md in Resources */ = {isa = PBXBuildFile; fileRef = ADEA008220303A2B000C2FD2 /* README.md */; };
		ADEA014B20303A2B000C2FD2 /* binding_functions.ps1 in Resources */ = {isa = PBXBuildFile; fileRef = ADEA008420303A2B000C2FD2 /* binding_functions.ps1 */; };
		ADEA014C20303A2B000C2FD2 /* binding_functions.sh in Resources */ = {isa = PBXBuildFile; fileRef = ADEA008520303A2B000C2FD2 /* binding_functions.sh */; };
		ADEA014D20303A2B000C2FD2 /* benchmark.h in Headers */ = {isa = PBXBuildFile; fileRef = ADEA008A20303A2B000C2FD2 /* benchmark.h */; };
		ADEA014E20303A2B000C2FD2 /* kml.h in Headers */ = {isa = PBXBuildFile; fileRef = ADEA008B20303A2B000C2FD2 /* kml.h */; };
		ADEA014F20303A2B000C2FD2 /* test.h in Headers */ = {isa = PBXBuildFile; fileRef = ADEA008C20303A2B000C2FD2 /* test.h */; };
		ADEA015020303A2B000C2FD2 /* utility.h in Headers */ = {isa = PBXBuildFile; fileRef = ADEA008D20303A2B000C2FD2 /* utility.h */; };
		ADEA015120303A2B000C2FD2 /* kml.c in Sources */ = {isa = PBXBuildFile; fileRef = ADEA008F20303A2B000C2FD2 /* kml.c */; };
		ADEA015220303A2B000C2FD2 /* test.c in Sources */ = {isa = PBXBuildFile; fileRef = ADEA009020303A2B000C2FD2 /* test.c */; };
		ADEA015320303A2B000C2FD2 /* utility.c in Sources */ = {isa = PBXBuildFile; fileRef = ADEA009120303A2B000C2FD2 /* utility.c */; };
		ADEA015420303A2B000C2FD2 /* benchmarkH3Api.c in Sources */ = {isa = PBXBuildFile; fileRef = ADEA009320303A2B000C2FD2 /* benchmarkH3Api.c */; };
		ADEA015520303A2B000C2FD2 /* benchmarkPolyfill.c in Sources */ = {isa = PBXBuildFile; fileRef = ADEA009420303A2B000C2FD2 /* benchmarkPolyfill.c */; };
		ADEA015620303A2B000C2FD2 /* geoToH3.c in Sources */ = {isa = PBXBuildFile; fileRef = ADEA009620303A2B000C2FD2 /* geoToH3.c */; };
		ADEA015720303A2B000C2FD2 /* h3ToComponents.c in Sources */ = {isa = PBXBuildFile; fileRef = ADEA009720303A2B000C2FD2 /* h3ToComponents.c */; };
		ADEA015820303A2B000C2FD2 /* h3ToGeo.c in Sources */ = {isa = PBXBuildFile; fileRef = ADEA009820303A2B000C2FD2 /* h3ToGeo.c */; };
		ADEA015920303A2B000C2FD2 /* h3ToGeoBoundary.c in Sources */ = {isa = PBXBuildFile; fileRef = ADEA009920303A2B000C2FD2 /* h3ToGeoBoundary.c */; };
		ADEA015A20303A2B000C2FD2 /* hexRange.c in Sources */ = {isa = PBXBuildFile; fileRef = ADEA009A20303A2B000C2FD2 /* hexRange.c */; };
		ADEA015B20303A2B000C2FD2 /* kRing.c in Sources */ = {isa = PBXBuildFile; fileRef = ADEA009B20303A2B000C2FD2 /* kRing.c */; };
		ADEA015C20303A2B000C2FD2 /* generateBaseCellNeighbors.c in Sources */ = {isa = PBXBuildFile; fileRef = ADEA009D20303A2B000C2FD2 /* generateBaseCellNeighbors.c */; };
		ADEA015D20303A2B000C2FD2 /* h3ToGeoBoundaryHier.c in Sources */ = {isa = PBXBuildFile; fileRef = ADEA009E20303A2B000C2FD2 /* h3ToGeoBoundaryHier.c */; };
		ADEA015E20303A2B000C2FD2 /* h3ToGeoHier.c in Sources */ = {isa = PBXBuildFile; fileRef = ADEA009F20303A2B000C2FD2 /* h3ToGeoHier.c */; };
		ADEA015F20303A2B000C2FD2 /* h3ToHier.c in Sources */ = {isa = PBXBuildFile; fileRef = ADEA00A020303A2B000C2FD2 /* h3ToHier.c */; };
		ADEA016020303A2B000C2FD2 /* mkRandGeo.c in Sources */ = {isa = PBXBuildFile; fileRef = ADEA00A220303A2B000C2FD2 /* mkRandGeo.c */; };
		ADEA016120303A2B000C2FD2 /* mkRandGeoBoundary.c in Sources */ = {isa = PBXBuildFile; fileRef = ADEA00A320303A2B000C2FD2 /* mkRandGeoBoundary.c */; };
		ADEA016220303A2B000C2FD2 /* README.txt in Resources */ = {isa = PBXBuildFile; fileRef = ADEA00A420303A2B000C2FD2 /* README.txt */; };
		ADEA016320303A2B000C2FD2 /* testBBox.c in Sources */ = {isa = PBXBuildFile; fileRef = ADEA00A520303A2B000C2FD2 /* testBBox.c */; };
		ADEA016420303A2B000C2FD2 /* testCompact.c in Sources */ = {isa = PBXBuildFile; fileRef = ADEA00A620303A2B000C2FD2 /* testCompact.c */; };
		ADEA016520303A2B000C2FD2 /* testGeoCoord.c in Sources */ = {isa = PBXBuildFile; fileRef = ADEA00A720303A2B000C2FD2 /* testGeoCoord.c */; };
		ADEA016620303A2B000C2FD2 /* testGeoToH3.c in Sources */ = {isa = PBXBuildFile; fileRef = ADEA00A820303A2B000C2FD2 /* testGeoToH3.c */; };
		ADEA016720303A2B000C2FD2 /* testH3Api.c in Sources */ = {isa = PBXBuildFile; fileRef = ADEA00A920303A2B000C2FD2 /* testH3Api.c */; };
		ADEA016820303A2B000C2FD2 /* testH3Index.c in Sources */ = {isa = PBXBuildFile; fileRef = ADEA00AA20303A2B000C2FD2 /* testH3Index.c */; };
		ADEA016920303A2B000C2FD2 /* testH3NeighborRotations.c in Sources */ = {isa = PBXBuildFile; fileRef = ADEA00AB20303A2B000C2FD2 /* testH3NeighborRotations.c */; };
		ADEA016A20303A2B000C2FD2 /* testH3SetToLinkedGeo.c in Sources */ = {isa = PBXBuildFile; fileRef = ADEA00AC20303A2B000C2FD2 /* testH3SetToLinkedGeo.c */; };
		ADEA016B20303A2B000C2FD2 /* testH3SetToVertexGraph.c in Sources */ = {isa = PBXBuildFile; fileRef = ADEA00AD20303A2B000C2FD2 /* testH3SetToVertexGraph.c */; };
		ADEA016C20303A2B000C2FD2 /* testH3ToChildren.c in Sources */ = {isa = PBXBuildFile; fileRef = ADEA00AE20303A2B000C2FD2 /* testH3ToChildren.c */; };
		ADEA016D20303A2B000C2FD2 /* testH3ToGeo.c in Sources */ = {isa = PBXBuildFile; fileRef = ADEA00AF20303A2B000C2FD2 /* testH3ToGeo.c */; };
		ADEA016E20303A2B000C2FD2 /* testH3ToGeoBoundary.c in Sources */ = {isa = PBXBuildFile; fileRef = ADEA00B020303A2B000C2FD2 /* testH3ToGeoBoundary.c */; };
		ADEA016F20303A2B000C2FD2 /* testH3ToParent.c in Sources */ = {isa = PBXBuildFile; fileRef = ADEA00B120303A2B000C2FD2 /* testH3ToParent.c */; };
		ADEA017020303A2B000C2FD2 /* testH3UniEdge.c in Sources */ = {isa = PBXBuildFile; fileRef = ADEA00B220303A2B000C2FD2 /* testH3UniEdge.c */; };
		ADEA017120303A2B000C2FD2 /* testHexRanges.c in Sources */ = {isa = PBXBuildFile; fileRef = ADEA00B320303A2B000C2FD2 /* testHexRanges.c */; };
		ADEA017220303A2B000C2FD2 /* testHexRing.c in Sources */ = {isa = PBXBuildFile; fileRef = ADEA00B420303A2B000C2FD2 /* testHexRing.c */; };
		ADEA017320303A2B000C2FD2 /* testKRing.c in Sources */ = {isa = PBXBuildFile; fileRef = ADEA00B520303A2B000C2FD2 /* testKRing.c */; };
		ADEA017420303A2B000C2FD2 /* testLinkedGeo.c in Sources */ = {isa = PBXBuildFile; fileRef = ADEA00B620303A2B000C2FD2 /* testLinkedGeo.c */; };
		ADEA017520303A2B000C2FD2 /* testMaxH3ToChildrenSize.c in Sources */ = {isa = PBXBuildFile; fileRef = ADEA00B720303A2B000C2FD2 /* testMaxH3ToChildrenSize.c */; };
		ADEA017620303A2B000C2FD2 /* testPolyfill.c in Sources */ = {isa = PBXBuildFile; fileRef = ADEA00B820303A2B000C2FD2 /* testPolyfill.c */; };
		ADEA017720303A2B000C2FD2 /* testVertexGraph.c in Sources */ = {isa = PBXBuildFile; fileRef = ADEA00B920303A2B000C2FD2 /* testVertexGraph.c */; };
		ADEA017820303A2B000C2FD2 /* algos.h in Headers */ = {isa = PBXBuildFile; fileRef = ADEA00BC20303A2B000C2FD2 /* algos.h */; };
		ADEA017920303A2B000C2FD2 /* baseCells.h in Headers */ = {isa = PBXBuildFile; fileRef = ADEA00BD20303A2B000C2FD2 /* baseCells.h */; };
		ADEA017A20303A2B000C2FD2 /* bbox.h in Headers */ = {isa = PBXBuildFile; fileRef = ADEA00BE20303A2B000C2FD2 /* bbox.h */; };
		ADEA017B20303A2B000C2FD2 /* constants.h in Headers */ = {isa = PBXBuildFile; fileRef = ADEA00BF20303A2B000C2FD2 /* constants.h */; };
		ADEA017C20303A2B000C2FD2 /* coordijk.h in Headers */ = {isa = PBXBuildFile; fileRef = ADEA00C020303A2B000C2FD2 /* coordijk.h */; };
		ADEA017D20303A2B000C2FD2 /* faceijk.h in Headers */ = {isa = PBXBuildFile; fileRef = ADEA00C120303A2B000C2FD2 /* faceijk.h */; };
		ADEA017E20303A2B000C2FD2 /* geoCoord.h in Headers */ = {isa = PBXBuildFile; fileRef = ADEA00C220303A2B000C2FD2 /* geoCoord.h */; };
		ADEA017F20303A2B000C2FD2 /* h3api.h in Headers */ = {isa = PBXBuildFile; fileRef = ADEA00C320303A2B000C2FD2 /* h3api.h */; };
		ADEA018020303A2B000C2FD2 /* h3Index.h in Headers */ = {isa = PBXBuildFile; fileRef = ADEA00C420303A2B000C2FD2 /* h3Index.h */; };
		ADEA018120303A2B000C2FD2 /* h3UniEdge.h in Headers */ = {isa = PBXBuildFile; fileRef = ADEA00C520303A2B000C2FD2 /* h3UniEdge.h */; };
		ADEA018220303A2B000C2FD2 /* linkedGeo.h in Headers */ = {isa = PBXBuildFile; fileRef = ADEA00C620303A2B000C2FD2 /* linkedGeo.h */; };
		ADEA018320303A2B000C2FD2 /* mathExtensions.h in Headers */ = {isa = PBXBuildFile; fileRef = ADEA00C720303A2B000C2FD2 /* mathExtensions.h */; };
		ADEA018420303A2B000C2FD2 /* vec2d.h in Headers */ = {isa = PBXBuildFile; fileRef = ADEA00C820303A2B000C2FD2 /* vec2d.h */; };
		ADEA018520303A2B000C2FD2 /* vertexGraph.h in Headers */ = {isa = PBXBuildFile; fileRef = ADEA00C920303A2B000C2FD2 /* vertexGraph.h */; };
		ADEA018620303A2B000C2FD2 /* algos.c in Sources */ = {isa = PBXBuildFile; fileRef = ADEA00CB20303A2B000C2FD2 /* algos.c */; };
		ADEA018720303A2B000C2FD2 /* baseCells.c in Sources */ = {isa = PBXBuildFile; fileRef = ADEA00CC20303A2B000C2FD2 /* baseCells.c */; };
		ADEA018820303A2B000C2FD2 /* bbox.c in Sources */ = {isa = PBXBuildFile; fileRef = ADEA00CD20303A2B000C2FD2 /* bbox.c */; };
		ADEA018920303A2B000C2FD2 /* coordijk.c in Sources */ = {isa = PBXBuildFile; fileRef = ADEA00CE20303A2B000C2FD2 /* coordijk.c */; };
		ADEA018A20303A2B000C2FD2 /* faceijk.c in Sources */ = {isa = PBXBuildFile; fileRef = ADEA00CF20303A2B000C2FD2 /* faceijk.c */; };
		ADEA018B20303A2B000C2FD2 /* geoCoord.c in Sources */ = {isa = PBXBuildFile; fileRef = ADEA00D020303A2B000C2FD2 /* geoCoord.c */; };
		ADEA018C20303A2B000C2FD2 /* h3Index.c in Sources */ = {isa = PBXBuildFile; fileRef = ADEA00D120303A2B000C2FD2 /* h3Index.c */; };
		ADEA018D20303A2B000C2FD2 /* h3UniEdge.c in Sources */ = {isa = PBXBuildFile; fileRef = ADEA00D220303A2B000C2FD2 /* h3UniEdge.c */; };
		ADEA018E20303A2B000C2FD2 /* linkedGeo.c in Sources */ = {isa = PBXBuildFile; fileRef = ADEA00D320303A2B000C2FD2 /* linkedGeo.c */; };
		ADEA018F20303A2B000C2FD2 /* mathExtensions.c in Sources */ = {isa = PBXBuildFile; fileRef = ADEA00D420303A2B000C2FD2 /* mathExtensions.c */; };
		ADEA019020303A2B000C2FD2 /* vec2d.c in Sources */ = {isa = PBXBuildFile; fileRef = ADEA00D520303A2B000C2FD2 /* vec2d.c */; };
		ADEA019120303A2B000C2FD2 /* vertexGraph.c in Sources */ = {isa = PBXBuildFile; fileRef = ADEA00D620303A2B000C2FD2 /* vertexGraph.c */; };
		ADEA019220303A2B000C2FD2 /* bc05r08cells.txt in Resources */ = {isa = PBXBuildFile; fileRef = ADEA00D920303A2B000C2FD2 /* bc05r08cells.txt */; };
		ADEA019320303A2B000C2FD2 /* bc05r08centers.txt in Resources */ = {isa = PBXBuildFile; fileRef = ADEA00DA20303A2B000C2FD2 /* bc05r08centers.txt */; };
		ADEA019420303A2B000C2FD2 /* bc05r09cells.txt in Resources */ = {isa = PBXBuildFile; fileRef = ADEA00DB20303A2B000C2FD2 /* bc05r09cells.txt */; };
		ADEA019520303A2B000C2FD2 /* bc05r09centers.txt in Resources */ = {isa = PBXBuildFile; fileRef = ADEA00DC20303A2B000C2FD2 /* bc05r09centers.txt */; };
		ADEA019620303A2B000C2FD2 /* bc05r10cells.txt in Resources */ = {isa = PBXBuildFile; fileRef = ADEA00DD20303A2B000C2FD2 /* bc05r10cells.txt */; };
		ADEA019720303A2B000C2FD2 /* bc05r10centers.txt in Resources */ = {isa = PBXBuildFile; fileRef = ADEA00DE20303A2B000C2FD2 /* bc05r10centers.txt */; };
		ADEA019820303A2B000C2FD2 /* bc05r11cells.txt in Resources */ = {isa = PBXBuildFile; fileRef = ADEA00DF20303A2B000C2FD2 /* bc05r11cells.txt */; };
		ADEA019920303A2B000C2FD2 /* bc05r11centers.txt in Resources */ = {isa = PBXBuildFile; fileRef = ADEA00E020303A2B000C2FD2 /* bc05r11centers.txt */; };
		ADEA019A20303A2B000C2FD2 /* bc05r12cells.txt in Resources */ = {isa = PBXBuildFile; fileRef = ADEA00E120303A2B000C2FD2 /* bc05r12cells.txt */; };
		ADEA019B20303A2B000C2FD2 /* bc05r12centers.txt in Resources */ = {isa = PBXBuildFile; fileRef = ADEA00E220303A2B000C2FD2 /* bc05r12centers.txt */; };
		ADEA019C20303A2B000C2FD2 /* bc05r13cells.txt in Resources */ = {isa = PBXBuildFile; fileRef = ADEA00E320303A2B000C2FD2 /* bc05r13cells.txt */; };
		ADEA019D20303A2B000C2FD2 /* bc05r13centers.txt in Resources */ = {isa = PBXBuildFile; fileRef = ADEA00E420303A2B000C2FD2 /* bc05r13centers.txt */; };
		ADEA019E20303A2B000C2FD2 /* bc05r14cells.txt in Resources */ = {isa = PBXBuildFile; fileRef = ADEA00E520303A2B000C2FD2 /* bc05r14cells.txt */; };
		ADEA019F20303A2B000C2FD2 /* bc05r14centers.txt in Resources */ = {isa = PBXBuildFile; fileRef = ADEA00E620303A2B000C2FD2 /* bc05r14centers.txt */; };
		ADEA01A020303A2B000C2FD2 /* bc05r15cells.txt in Resources */ = {isa = PBXBuildFile; fileRef = ADEA00E720303A2B000C2FD2 /* bc05r15cells.txt */; };
		ADEA01A120303A2B000C2FD2 /* bc05r15centers.txt in Resources */ = {isa = PBXBuildFile; fileRef = ADEA00E820303A2B000C2FD2 /* bc05r15centers.txt */; };
		ADEA01A220303A2B000C2FD2 /* bc14r08cells.txt in Resources */ = {isa = PBXBuildFile; fileRef = ADEA00E920303A2B000C2FD2 /* bc14r08cells.txt */; };
		ADEA01A320303A2B000C2FD2 /* bc14r08centers.txt in Resources */ = {isa = PBXBuildFile; fileRef = ADEA00EA20303A2B000C2FD2 /* bc14r08centers.txt */; };
		ADEA01A420303A2B000C2FD2 /* bc14r09cells.txt in Resources */ = {isa = PBXBuildFile; fileRef = ADEA00EB20303A2B000C2FD2 /* bc14r09cells.txt */; };
		ADEA01A520303A2B000C2FD2 /* bc14r09centers.txt in Resources */ = {isa = PBXBuildFile; fileRef = ADEA00EC20303A2B000C2FD2 /* bc14r09centers.txt */; };
		ADEA01A620303A2B000C2FD2 /* bc14r10cells.txt in Resources */ = {isa = PBXBuildFile; fileRef = ADEA00ED20303A2B000C2FD2 /* bc14r10cells.txt */; };
		ADEA01A720303A2B000C2FD2 /* bc14r10centers.txt in Resources */ = {isa = PBXBuildFile; fileRef = ADEA00EE20303A2B000C2FD2 /* bc14r10centers.txt */; };
		ADEA01A820303A2B000C2FD2 /* bc14r11cells.txt in Resources */ = {isa = PBXBuildFile; fileRef = ADEA00EF20303A2B000C2FD2 /* bc14r11cells.txt */; };
		ADEA01A920303A2B000C2FD2 /* bc14r11centers.txt in Resources */ = {isa = PBXBuildFile; fileRef = ADEA00F020303A2B000C2FD2 /* bc14r11centers.txt */; };
		ADEA01AA20303A2B000C2FD2 /* bc14r12cells.txt in Resources */ = {isa = PBXBuildFile; fileRef = ADEA00F120303A2B000C2FD2 /* bc14r12cells.txt */; };
		ADEA01AB20303A2B000C2FD2 /* bc14r12centers.txt in Resources */ = {isa = PBXBuildFile; fileRef = ADEA00F220303A2B000C2FD2 /* bc14r12centers.txt */; };
		ADEA01AC20303A2B000C2FD2 /* bc14r13cells.txt in Resources */ = {isa = PBXBuildFile; fileRef = ADEA00F320303A2B000C2FD2 /* bc14r13cells.txt */; };
		ADEA01AD20303A2B000C2FD2 /* bc14r13centers.txt in Resources */ = {isa = PBXBuildFile; fileRef = ADEA00F420303A2B000C2FD2 /* bc14r13centers.txt */; };
		ADEA01AE20303A2B000C2FD2 /* bc14r14cells.txt in Resources */ = {isa = PBXBuildFile; fileRef = ADEA00F520303A2B000C2FD2 /* bc14r14cells.txt */; };
		ADEA01AF20303A2B000C2FD2 /* bc14r14centers.txt in Resources */ = {isa = PBXBuildFile; fileRef = ADEA00F620303A2B000C2FD2 /* bc14r14centers.txt */; };
		ADEA01B020303A2B000C2FD2 /* bc14r15cells.txt in Resources */ = {isa = PBXBuildFile; fileRef = ADEA00F720303A2B000C2FD2 /* bc14r15cells.txt */; };
		ADEA01B120303A2B000C2FD2 /* bc14r15centers.txt in Resources */ = {isa = PBXBuildFile; fileRef = ADEA00F820303A2B000C2FD2 /* bc14r15centers.txt */; };
		ADEA01B220303A2B000C2FD2 /* bc19r08cells.txt in Resources */ = {isa = PBXBuildFile; fileRef = ADEA00F920303A2B000C2FD2 /* bc19r08cells.txt */; };
		ADEA01B320303A2B000C2FD2 /* bc19r08centers.txt in Resources */ = {isa = PBXBuildFile; fileRef = ADEA00FA20303A2B000C2FD2 /* bc19r08centers.txt */; };
		ADEA01B420303A2B000C2FD2 /* bc19r09cells.txt in Resources */ = {isa = PBXBuildFile; fileRef = ADEA00FB20303A2B000C2FD2 /* bc19r09cells.txt */; };
		ADEA01B520303A2B000C2FD2 /* bc19r09centers.txt in Resources */ = {isa = PBXBuildFile; fileRef = ADEA00FC20303A2B000C2FD2 /* bc19r09centers.txt */; };
		ADEA01B620303A2B000C2FD2 /* bc19r10cells.txt in Resources */ = {isa = PBXBuildFile; fileRef = ADEA00FD20303A2B000C2FD2 /* bc19r10cells.txt */; };
		ADEA01B720303A2B000C2FD2 /* bc19r10centers.txt in Resources */ = {isa = PBXBuildFile; fileRef = ADEA00FE20303A2B000C2FD2 /* bc19r10centers.txt */; };
		ADEA01B820303A2B000C2FD2 /* bc19r11cells.txt in Resources */ = {isa = PBXBuildFile; fileRef = ADEA00FF20303A2B000C2FD2 /* bc19r11cells.txt */; };
		ADEA01B920303A2B000C2FD2 /* bc19r11centers.txt in Resources */ = {isa = PBXBuildFile; fileRef = ADEA010020303A2B000C2FD2 /* bc19r11centers.txt */; };
		ADEA01BA20303A2B000C2FD2 /* bc19r12cells.txt in Resources */ = {isa = PBXBuildFile; fileRef = ADEA010120303A2B000C2FD2 /* bc19r12cells.txt */; };
		ADEA01BB20303A2B000C2FD2 /* bc19r12centers.txt in Resources */ = {isa = PBXBuildFile; fileRef = ADEA010220303A2B000C2FD2 /* bc19r12centers.txt */; };
		ADEA01BC20303A2B000C2FD2 /* bc19r13cells.txt in Resources */ = {isa = PBXBuildFile; fileRef = ADEA010320303A2B000C2FD2 /* bc19r13cells.txt */; };
		ADEA01BD20303A2B000C2FD2 /* bc19r13centers.txt in Resources */ = {isa = PBXBuildFile; fileRef = ADEA010420303A2B000C2FD2 /* bc19r13centers.txt */; };
		ADEA01BE20303A2B000C2FD2 /* bc19r14cells.txt in Resources */ = {isa = PBXBuildFile; fileRef = ADEA010520303A2B000C2FD2 /* bc19r14cells.txt */; };
		ADEA01BF20303A2B000C2FD2 /* bc19r14centers.txt in Resources */ = {isa = PBXBuildFile; fileRef = ADEA010620303A2B000C2FD2 /* bc19r14centers.txt */; };
		ADEA01C020303A2B000C2FD2 /* bc19r15cells.txt in Resources */ = {isa = PBXBuildFile; fileRef = ADEA010720303A2B000C2FD2 /* bc19r15cells.txt */; };
		ADEA01C120303A2B000C2FD2 /* bc19r15centers.txt in Resources */ = {isa = PBXBuildFile; fileRef = ADEA010820303A2B000C2FD2 /* bc19r15centers.txt */; };
		ADEA01C220303A2B000C2FD2 /* rand05cells.txt in Resources */ = {isa = PBXBuildFile; fileRef = ADEA010920303A2B000C2FD2 /* rand05cells.txt */; };
		ADEA01C320303A2B000C2FD2 /* rand05centers.txt in Resources */ = {isa = PBXBuildFile; fileRef = ADEA010A20303A2B000C2FD2 /* rand05centers.txt */; };
		ADEA01C420303A2B000C2FD2 /* rand06cells.txt in Resources */ = {isa = PBXBuildFile; fileRef = ADEA010B20303A2B000C2FD2 /* rand06cells.txt */; };
		ADEA01C520303A2B000C2FD2 /* rand06centers.txt in Resources */ = {isa = PBXBuildFile; fileRef = ADEA010C20303A2B000C2FD2 /* rand06centers.txt */; };
		ADEA01C620303A2B000C2FD2 /* rand07cells.txt in Resources */ = {isa = PBXBuildFile; fileRef = ADEA010D20303A2B000C2FD2 /* rand07cells.txt */; };
		ADEA01C720303A2B000C2FD2 /* rand07centers.txt in Resources */ = {isa = PBXBuildFile; fileRef = ADEA010E20303A2B000C2FD2 /* rand07centers.txt */; };
		ADEA01C820303A2B000C2FD2 /* rand08cells.txt in Resources */ = {isa = PBXBuildFile; fileRef = ADEA010F20303A2B000C2FD2 /* rand08cells.txt */; };
		ADEA01C920303A2B000C2FD2 /* rand08centers.txt in Resources */ = {isa = PBXBuildFile; fileRef = ADEA011020303A2B000C2FD2 /* rand08centers.txt */; };
		ADEA01CA20303A2B000C2FD2 /* rand09cells.txt in Resources */ = {isa = PBXBuildFile; fileRef = ADEA011120303A2B000C2FD2 /* rand09cells.txt */; };
		ADEA01CB20303A2B000C2FD2 /* rand09centers.txt in Resources */ = {isa = PBXBuildFile; fileRef = ADEA011220303A2B000C2FD2 /* rand09centers.txt */; };
		ADEA01CC20303A2B000C2FD2 /* rand10cells.txt in Resources */ = {isa = PBXBuildFile; fileRef = ADEA011320303A2B000C2FD2 /* rand10cells.txt */; };
		ADEA01CD20303A2B000C2FD2 /* rand10centers.txt in Resources */ = {isa = PBXBuildFile; fileRef = ADEA011420303A2B000C2FD2 /* rand10centers.txt */; };
		ADEA01CE20303A2B000C2FD2 /* rand11cells.txt in Resources */ = {isa = PBXBuildFile; fileRef = ADEA011520303A2B000C2FD2 /* rand11cells.txt */; };
		ADEA01CF20303A2B000C2FD2 /* rand11centers.txt in Resources */ = {isa = PBXBuildFile; fileRef = ADEA011620303A2B000C2FD2 /* rand11centers.txt */; };
		ADEA01D020303A2B000C2FD2 /* rand12cells.txt in Resources */ = {isa = PBXBuildFile; fileRef = ADEA011720303A2B000C2FD2 /* rand12cells.txt */; };
		ADEA01D120303A2B000C2FD2 /* rand12centers.txt in Resources */ = {isa = PBXBuildFile; fileRef = ADEA011820303A2B000C2FD2 /* rand12centers.txt */; };
		ADEA01D220303A2B000C2FD2 /* rand13cells.txt in Resources */ = {isa = PBXBuildFile; fileRef = ADEA011920303A2B000C2FD2 /* rand13cells.txt */; };
		ADEA01D320303A2B000C2FD2 /* rand13centers.txt in Resources */ = {isa = PBXBuildFile; fileRef = ADEA011A20303A2B000C2FD2 /* rand13centers.txt */; };
		ADEA01D420303A2B000C2FD2 /* rand14cells.txt in Resources */ = {isa = PBXBuildFile; fileRef = ADEA011B20303A2B000C2FD2 /* rand14cells.txt */; };
		ADEA01D520303A2B000C2FD2 /* rand14centers.txt in Resources */ = {isa = PBXBuildFile; fileRef = ADEA011C20303A2B000C2FD2 /* rand14centers.txt */; };
		ADEA01D620303A2B000C2FD2 /* rand15cells.txt in Resources */ = {isa = PBXBuildFile; fileRef = ADEA011D20303A2B000C2FD2 /* rand15cells.txt */; };
		ADEA01D720303A2B000C2FD2 /* rand15centers.txt in Resources */ = {isa = PBXBuildFile; fileRef = ADEA011E20303A2B000C2FD2 /* rand15centers.txt */; };
		ADEA01D820303A2B000C2FD2 /* res00cells.txt in Resources */ = {isa = PBXBuildFile; fileRef = ADEA011F20303A2B000C2FD2 /* res00cells.txt */; };
		ADEA01D920303A2B000C2FD2 /* res00ic.txt in Resources */ = {isa = PBXBuildFile; fileRef = ADEA012020303A2B000C2FD2 /* res00ic.txt */; };
		ADEA01DA20303A2B000C2FD2 /* res01cells.txt in Resources */ = {isa = PBXBuildFile; fileRef = ADEA012120303A2B000C2FD2 /* res01cells.txt */; };
		ADEA01DB20303A2B000C2FD2 /* res01ic.txt in Resources */ = {isa = PBXBuildFile; fileRef = ADEA012220303A2B000C2FD2 /* res01ic.txt */; };
		ADEA01DC20303A2B000C2FD2 /* res02cells.txt in Resources */ = {isa = PBXBuildFile; fileRef = ADEA012320303A2B000C2FD2 /* res02cells.txt */; };
		ADEA01DD20303A2B000C2FD2 /* res02ic.txt in Resources */ = {isa = PBXBuildFile; fileRef = ADEA012420303A2B000C2FD2 /* res02ic.txt */; };
		ADEA01DE20303A2B000C2FD2 /* res03cells.txt in Resources */ = {isa = PBXBuildFile; fileRef = ADEA012520303A2B000C2FD2 /* res03cells.txt */; };
		ADEA01DF20303A2B000C2FD2 /* res03ic.txt in Resources */ = {isa = PBXBuildFile; fileRef = ADEA012620303A2B000C2FD2 /* res03ic.txt */; };
		ADEA01E020303A2B000C2FD2 /* res04ic.txt in Resources */ = {isa = PBXBuildFile; fileRef = ADEA012720303A2B000C2FD2 /* res04ic.txt */; };
		ADEA01E120303A2B000C2FD2 /* VERSION in Resources */ = {isa = PBXBuildFile; fileRef = ADEA012820303A2B000C2FD2 /* VERSION */; };
/* End PBXBuildFile section */

/* Begin PBXFileReference section */
		AD4B83E92027C04800D116BA /* h3_swift.framework */ = {isa = PBXFileReference; explicitFileType = wrapper.framework; includeInIndex = 0; path = h3_swift.framework; sourceTree = BUILT_PRODUCTS_DIR; };
		AD4B83EC2027C04900D116BA /* h3_swift.h */ = {isa = PBXFileReference; lastKnownFileType = sourcecode.c.h; path = h3_swift.h; sourceTree = "<group>"; };
		AD4B83ED2027C04900D116BA /* Info.plist */ = {isa = PBXFileReference; lastKnownFileType = text.plist.xml; path = Info.plist; sourceTree = "<group>"; };
		ADEA005C20303A2B000C2FD2 /* .gitignore */ = {isa = PBXFileReference; fileEncoding = 4; lastKnownFileType = text; path = .gitignore; sourceTree = "<group>"; };
		ADEA005D20303A2B000C2FD2 /* .travis.yml */ = {isa = PBXFileReference; fileEncoding = 4; lastKnownFileType = text; path = .travis.yml; sourceTree = "<group>"; };
		ADEA005E20303A2B000C2FD2 /* CHANGELOG.md */ = {isa = PBXFileReference; fileEncoding = 4; lastKnownFileType = net.daringfireball.markdown; path = CHANGELOG.md; sourceTree = "<group>"; };
		ADEA005F20303A2B000C2FD2 /* CMakeLists.txt */ = {isa = PBXFileReference; fileEncoding = 4; lastKnownFileType = text; path = CMakeLists.txt; sourceTree = "<group>"; };
		ADEA006120303A2B000C2FD2 /* build_windows.md */ = {isa = PBXFileReference; fileEncoding = 4; lastKnownFileType = net.daringfireball.markdown; path = build_windows.md; sourceTree = "<group>"; };
		ADEA006220303A2B000C2FD2 /* Doxyfile.in */ = {isa = PBXFileReference; fileEncoding = 4; lastKnownFileType = text; path = Doxyfile.in; sourceTree = "<group>"; };
		ADEA006420303A2B000C2FD2 /* coordsystems.md */ = {isa = PBXFileReference; fileEncoding = 4; lastKnownFileType = net.daringfireball.markdown; path = coordsystems.md; sourceTree = "<group>"; };
		ADEA006520303A2B000C2FD2 /* filters.md */ = {isa = PBXFileReference; fileEncoding = 4; lastKnownFileType = net.daringfireball.markdown; path = filters.md; sourceTree = "<group>"; };
		ADEA006620303A2B000C2FD2 /* geoToH3desc.md */ = {isa = PBXFileReference; fileEncoding = 4; lastKnownFileType = net.daringfireball.markdown; path = geoToH3desc.md; sourceTree = "<group>"; };
		ADEA006720303A2B000C2FD2 /* h3indexing.md */ = {isa = PBXFileReference; fileEncoding = 4; lastKnownFileType = net.daringfireball.markdown; path = h3indexing.md; sourceTree = "<group>"; };
		ADEA006820303A2B000C2FD2 /* h3ToGeoBoundaryDesc.md */ = {isa = PBXFileReference; fileEncoding = 4; lastKnownFileType = net.daringfireball.markdown; path = h3ToGeoBoundaryDesc.md; sourceTree = "<group>"; };
		ADEA006920303A2B000C2FD2 /* h3ToGeoDesc.md */ = {isa = PBXFileReference; fileEncoding = 4; lastKnownFileType = net.daringfireball.markdown; path = h3ToGeoDesc.md; sourceTree = "<group>"; };
		ADEA006B20303A2B000C2FD2 /* ca_compact_6_901.png */ = {isa = PBXFileReference; lastKnownFileType = image.png; path = ca_compact_6_901.png; sourceTree = "<group>"; };
		ADEA006C20303A2B000C2FD2 /* ca_uncompact_6_10633.png */ = {isa = PBXFileReference; lastKnownFileType = image.png; path = ca_uncompact_6_10633.png; sourceTree = "<group>"; };
		ADEA006D20303A2B000C2FD2 /* classII.III.png */ = {isa = PBXFileReference; lastKnownFileType = image.png; path = classII.III.png; sourceTree = "<group>"; };
		ADEA006E20303A2B000C2FD2 /* cpidigits.png */ = {isa = PBXFileReference; lastKnownFileType = image.png; path = cpidigits.png; sourceTree = "<group>"; };
		ADEA006F20303A2B000C2FD2 /* ijkp.png */ = {isa = PBXFileReference; lastKnownFileType = image.png; path = ijkp.png; sourceTree = "<group>"; };
		ADEA007020303A2B000C2FD2 /* neighbors-hexagon.png */ = {isa = PBXFileReference; lastKnownFileType = image.png; path = "neighbors-hexagon.png"; sourceTree = "<group>"; };
		ADEA007120303A2B000C2FD2 /* neighbors-square.png */ = {isa = PBXFileReference; lastKnownFileType = image.png; path = "neighbors-square.png"; sourceTree = "<group>"; };
		ADEA007220303A2B000C2FD2 /* neighbors-triangle.png */ = {isa = PBXFileReference; lastKnownFileType = image.png; path = "neighbors-triangle.png"; sourceTree = "<group>"; };
		ADEA007320303A2B000C2FD2 /* neighbors.png */ = {isa = PBXFileReference; lastKnownFileType = image.png; path = neighbors.png; sourceTree = "<group>"; };
		ADEA007420303A2B000C2FD2 /* parent-child.png */ = {isa = PBXFileReference; lastKnownFileType = image.png; path = "parent-child.png"; sourceTree = "<group>"; };
		ADEA007520303A2B000C2FD2 /* substrate3.png */ = {isa = PBXFileReference; lastKnownFileType = image.png; path = substrate3.png; sourceTree = "<group>"; };
		ADEA007620303A2B000C2FD2 /* triEdge.png */ = {isa = PBXFileReference; lastKnownFileType = image.png; path = triEdge.png; sourceTree = "<group>"; };
		ADEA007720303A2B000C2FD2 /* mainpage.md */ = {isa = PBXFileReference; fileEncoding = 4; lastKnownFileType = net.daringfireball.markdown; path = mainpage.md; sourceTree = "<group>"; };
		ADEA007820303A2B000C2FD2 /* overview.md */ = {isa = PBXFileReference; fileEncoding = 4; lastKnownFileType = net.daringfireball.markdown; path = overview.md; sourceTree = "<group>"; };
		ADEA007920303A2B000C2FD2 /* restable.md */ = {isa = PBXFileReference; fileEncoding = 4; lastKnownFileType = net.daringfireball.markdown; path = restable.md; sourceTree = "<group>"; };
		ADEA007A20303A2B000C2FD2 /* usage.md */ = {isa = PBXFileReference; fileEncoding = 4; lastKnownFileType = net.daringfireball.markdown; path = usage.md; sourceTree = "<group>"; };
		ADEA007B20303A2B000C2FD2 /* usecases.md */ = {isa = PBXFileReference; fileEncoding = 4; lastKnownFileType = net.daringfireball.markdown; path = usecases.md; sourceTree = "<group>"; };
		ADEA007D20303A2B000C2FD2 /* distance.c */ = {isa = PBXFileReference; fileEncoding = 4; lastKnownFileType = sourcecode.c.c; path = distance.c; sourceTree = "<group>"; };
		ADEA007E20303A2B000C2FD2 /* index.c */ = {isa = PBXFileReference; fileEncoding = 4; lastKnownFileType = sourcecode.c.c; path = index.c; sourceTree = "<group>"; };
		ADEA008020303A2B000C2FD2 /* icosa.kml */ = {isa = PBXFileReference; fileEncoding = 4; lastKnownFileType = text.xml; path = icosa.kml; sourceTree = "<group>"; };
		ADEA008120303A2B000C2FD2 /* LICENSE */ = {isa = PBXFileReference; fileEncoding = 4; lastKnownFileType = text; path = LICENSE; sourceTree = "<group>"; };
		ADEA008220303A2B000C2FD2 /* README.md */ = {isa = PBXFileReference; fileEncoding = 4; lastKnownFileType = net.daringfireball.markdown; path = README.md; sourceTree = "<group>"; };
		ADEA008420303A2B000C2FD2 /* binding_functions.ps1 */ = {isa = PBXFileReference; fileEncoding = 4; lastKnownFileType = text; path = binding_functions.ps1; sourceTree = "<group>"; };
		ADEA008520303A2B000C2FD2 /* binding_functions.sh */ = {isa = PBXFileReference; fileEncoding = 4; lastKnownFileType = text.script.sh; path = binding_functions.sh; sourceTree = "<group>"; };
		ADEA008A20303A2B000C2FD2 /* benchmark.h */ = {isa = PBXFileReference; fileEncoding = 4; lastKnownFileType = sourcecode.c.h; path = benchmark.h; sourceTree = "<group>"; };
		ADEA008B20303A2B000C2FD2 /* kml.h */ = {isa = PBXFileReference; fileEncoding = 4; lastKnownFileType = sourcecode.c.h; path = kml.h; sourceTree = "<group>"; };
		ADEA008C20303A2B000C2FD2 /* test.h */ = {isa = PBXFileReference; fileEncoding = 4; lastKnownFileType = sourcecode.c.h; path = test.h; sourceTree = "<group>"; };
		ADEA008D20303A2B000C2FD2 /* utility.h */ = {isa = PBXFileReference; fileEncoding = 4; lastKnownFileType = sourcecode.c.h; path = utility.h; sourceTree = "<group>"; };
		ADEA008F20303A2B000C2FD2 /* kml.c */ = {isa = PBXFileReference; fileEncoding = 4; lastKnownFileType = sourcecode.c.c; path = kml.c; sourceTree = "<group>"; };
		ADEA009020303A2B000C2FD2 /* test.c */ = {isa = PBXFileReference; fileEncoding = 4; lastKnownFileType = sourcecode.c.c; path = test.c; sourceTree = "<group>"; };
		ADEA009120303A2B000C2FD2 /* utility.c */ = {isa = PBXFileReference; fileEncoding = 4; lastKnownFileType = sourcecode.c.c; path = utility.c; sourceTree = "<group>"; };
		ADEA009320303A2B000C2FD2 /* benchmarkH3Api.c */ = {isa = PBXFileReference; fileEncoding = 4; lastKnownFileType = sourcecode.c.c; path = benchmarkH3Api.c; sourceTree = "<group>"; };
		ADEA009420303A2B000C2FD2 /* benchmarkPolyfill.c */ = {isa = PBXFileReference; fileEncoding = 4; lastKnownFileType = sourcecode.c.c; path = benchmarkPolyfill.c; sourceTree = "<group>"; };
		ADEA009620303A2B000C2FD2 /* geoToH3.c */ = {isa = PBXFileReference; fileEncoding = 4; lastKnownFileType = sourcecode.c.c; path = geoToH3.c; sourceTree = "<group>"; };
		ADEA009720303A2B000C2FD2 /* h3ToComponents.c */ = {isa = PBXFileReference; fileEncoding = 4; lastKnownFileType = sourcecode.c.c; path = h3ToComponents.c; sourceTree = "<group>"; };
		ADEA009820303A2B000C2FD2 /* h3ToGeo.c */ = {isa = PBXFileReference; fileEncoding = 4; lastKnownFileType = sourcecode.c.c; path = h3ToGeo.c; sourceTree = "<group>"; };
		ADEA009920303A2B000C2FD2 /* h3ToGeoBoundary.c */ = {isa = PBXFileReference; fileEncoding = 4; lastKnownFileType = sourcecode.c.c; path = h3ToGeoBoundary.c; sourceTree = "<group>"; };
		ADEA009A20303A2B000C2FD2 /* hexRange.c */ = {isa = PBXFileReference; fileEncoding = 4; lastKnownFileType = sourcecode.c.c; path = hexRange.c; sourceTree = "<group>"; };
		ADEA009B20303A2B000C2FD2 /* kRing.c */ = {isa = PBXFileReference; fileEncoding = 4; lastKnownFileType = sourcecode.c.c; path = kRing.c; sourceTree = "<group>"; };
		ADEA009D20303A2B000C2FD2 /* generateBaseCellNeighbors.c */ = {isa = PBXFileReference; fileEncoding = 4; lastKnownFileType = sourcecode.c.c; path = generateBaseCellNeighbors.c; sourceTree = "<group>"; };
		ADEA009E20303A2B000C2FD2 /* h3ToGeoBoundaryHier.c */ = {isa = PBXFileReference; fileEncoding = 4; lastKnownFileType = sourcecode.c.c; path = h3ToGeoBoundaryHier.c; sourceTree = "<group>"; };
		ADEA009F20303A2B000C2FD2 /* h3ToGeoHier.c */ = {isa = PBXFileReference; fileEncoding = 4; lastKnownFileType = sourcecode.c.c; path = h3ToGeoHier.c; sourceTree = "<group>"; };
		ADEA00A020303A2B000C2FD2 /* h3ToHier.c */ = {isa = PBXFileReference; fileEncoding = 4; lastKnownFileType = sourcecode.c.c; path = h3ToHier.c; sourceTree = "<group>"; };
		ADEA00A220303A2B000C2FD2 /* mkRandGeo.c */ = {isa = PBXFileReference; fileEncoding = 4; lastKnownFileType = sourcecode.c.c; path = mkRandGeo.c; sourceTree = "<group>"; };
		ADEA00A320303A2B000C2FD2 /* mkRandGeoBoundary.c */ = {isa = PBXFileReference; fileEncoding = 4; lastKnownFileType = sourcecode.c.c; path = mkRandGeoBoundary.c; sourceTree = "<group>"; };
		ADEA00A420303A2B000C2FD2 /* README.txt */ = {isa = PBXFileReference; fileEncoding = 4; lastKnownFileType = text; path = README.txt; sourceTree = "<group>"; };
		ADEA00A520303A2B000C2FD2 /* testBBox.c */ = {isa = PBXFileReference; fileEncoding = 4; lastKnownFileType = sourcecode.c.c; path = testBBox.c; sourceTree = "<group>"; };
		ADEA00A620303A2B000C2FD2 /* testCompact.c */ = {isa = PBXFileReference; fileEncoding = 4; lastKnownFileType = sourcecode.c.c; path = testCompact.c; sourceTree = "<group>"; };
		ADEA00A720303A2B000C2FD2 /* testGeoCoord.c */ = {isa = PBXFileReference; fileEncoding = 4; lastKnownFileType = sourcecode.c.c; path = testGeoCoord.c; sourceTree = "<group>"; };
		ADEA00A820303A2B000C2FD2 /* testGeoToH3.c */ = {isa = PBXFileReference; fileEncoding = 4; lastKnownFileType = sourcecode.c.c; path = testGeoToH3.c; sourceTree = "<group>"; };
		ADEA00A920303A2B000C2FD2 /* testH3Api.c */ = {isa = PBXFileReference; fileEncoding = 4; lastKnownFileType = sourcecode.c.c; path = testH3Api.c; sourceTree = "<group>"; };
		ADEA00AA20303A2B000C2FD2 /* testH3Index.c */ = {isa = PBXFileReference; fileEncoding = 4; lastKnownFileType = sourcecode.c.c; path = testH3Index.c; sourceTree = "<group>"; };
		ADEA00AB20303A2B000C2FD2 /* testH3NeighborRotations.c */ = {isa = PBXFileReference; fileEncoding = 4; lastKnownFileType = sourcecode.c.c; path = testH3NeighborRotations.c; sourceTree = "<group>"; };
		ADEA00AC20303A2B000C2FD2 /* testH3SetToLinkedGeo.c */ = {isa = PBXFileReference; fileEncoding = 4; lastKnownFileType = sourcecode.c.c; path = testH3SetToLinkedGeo.c; sourceTree = "<group>"; };
		ADEA00AD20303A2B000C2FD2 /* testH3SetToVertexGraph.c */ = {isa = PBXFileReference; fileEncoding = 4; lastKnownFileType = sourcecode.c.c; path = testH3SetToVertexGraph.c; sourceTree = "<group>"; };
		ADEA00AE20303A2B000C2FD2 /* testH3ToChildren.c */ = {isa = PBXFileReference; fileEncoding = 4; lastKnownFileType = sourcecode.c.c; path = testH3ToChildren.c; sourceTree = "<group>"; };
		ADEA00AF20303A2B000C2FD2 /* testH3ToGeo.c */ = {isa = PBXFileReference; fileEncoding = 4; lastKnownFileType = sourcecode.c.c; path = testH3ToGeo.c; sourceTree = "<group>"; };
		ADEA00B020303A2B000C2FD2 /* testH3ToGeoBoundary.c */ = {isa = PBXFileReference; fileEncoding = 4; lastKnownFileType = sourcecode.c.c; path = testH3ToGeoBoundary.c; sourceTree = "<group>"; };
		ADEA00B120303A2B000C2FD2 /* testH3ToParent.c */ = {isa = PBXFileReference; fileEncoding = 4; lastKnownFileType = sourcecode.c.c; path = testH3ToParent.c; sourceTree = "<group>"; };
		ADEA00B220303A2B000C2FD2 /* testH3UniEdge.c */ = {isa = PBXFileReference; fileEncoding = 4; lastKnownFileType = sourcecode.c.c; path = testH3UniEdge.c; sourceTree = "<group>"; };
		ADEA00B320303A2B000C2FD2 /* testHexRanges.c */ = {isa = PBXFileReference; fileEncoding = 4; lastKnownFileType = sourcecode.c.c; path = testHexRanges.c; sourceTree = "<group>"; };
		ADEA00B420303A2B000C2FD2 /* testHexRing.c */ = {isa = PBXFileReference; fileEncoding = 4; lastKnownFileType = sourcecode.c.c; path = testHexRing.c; sourceTree = "<group>"; };
		ADEA00B520303A2B000C2FD2 /* testKRing.c */ = {isa = PBXFileReference; fileEncoding = 4; lastKnownFileType = sourcecode.c.c; path = testKRing.c; sourceTree = "<group>"; };
		ADEA00B620303A2B000C2FD2 /* testLinkedGeo.c */ = {isa = PBXFileReference; fileEncoding = 4; lastKnownFileType = sourcecode.c.c; path = testLinkedGeo.c; sourceTree = "<group>"; };
		ADEA00B720303A2B000C2FD2 /* testMaxH3ToChildrenSize.c */ = {isa = PBXFileReference; fileEncoding = 4; lastKnownFileType = sourcecode.c.c; path = testMaxH3ToChildrenSize.c; sourceTree = "<group>"; };
		ADEA00B820303A2B000C2FD2 /* testPolyfill.c */ = {isa = PBXFileReference; fileEncoding = 4; lastKnownFileType = sourcecode.c.c; path = testPolyfill.c; sourceTree = "<group>"; };
		ADEA00B920303A2B000C2FD2 /* testVertexGraph.c */ = {isa = PBXFileReference; fileEncoding = 4; lastKnownFileType = sourcecode.c.c; path = testVertexGraph.c; sourceTree = "<group>"; };
		ADEA00BC20303A2B000C2FD2 /* algos.h */ = {isa = PBXFileReference; fileEncoding = 4; lastKnownFileType = sourcecode.c.h; path = algos.h; sourceTree = "<group>"; };
		ADEA00BD20303A2B000C2FD2 /* baseCells.h */ = {isa = PBXFileReference; fileEncoding = 4; lastKnownFileType = sourcecode.c.h; path = baseCells.h; sourceTree = "<group>"; };
		ADEA00BE20303A2B000C2FD2 /* bbox.h */ = {isa = PBXFileReference; fileEncoding = 4; lastKnownFileType = sourcecode.c.h; path = bbox.h; sourceTree = "<group>"; };
		ADEA00BF20303A2B000C2FD2 /* constants.h */ = {isa = PBXFileReference; fileEncoding = 4; lastKnownFileType = sourcecode.c.h; path = constants.h; sourceTree = "<group>"; };
		ADEA00C020303A2B000C2FD2 /* coordijk.h */ = {isa = PBXFileReference; fileEncoding = 4; lastKnownFileType = sourcecode.c.h; path = coordijk.h; sourceTree = "<group>"; };
		ADEA00C120303A2B000C2FD2 /* faceijk.h */ = {isa = PBXFileReference; fileEncoding = 4; lastKnownFileType = sourcecode.c.h; path = faceijk.h; sourceTree = "<group>"; };
		ADEA00C220303A2B000C2FD2 /* geoCoord.h */ = {isa = PBXFileReference; fileEncoding = 4; lastKnownFileType = sourcecode.c.h; path = geoCoord.h; sourceTree = "<group>"; };
		ADEA00C320303A2B000C2FD2 /* h3api.h */ = {isa = PBXFileReference; fileEncoding = 4; lastKnownFileType = sourcecode.c.h; path = h3api.h; sourceTree = "<group>"; };
		ADEA00C420303A2B000C2FD2 /* h3Index.h */ = {isa = PBXFileReference; fileEncoding = 4; lastKnownFileType = sourcecode.c.h; path = h3Index.h; sourceTree = "<group>"; };
		ADEA00C520303A2B000C2FD2 /* h3UniEdge.h */ = {isa = PBXFileReference; fileEncoding = 4; lastKnownFileType = sourcecode.c.h; path = h3UniEdge.h; sourceTree = "<group>"; };
		ADEA00C620303A2B000C2FD2 /* linkedGeo.h */ = {isa = PBXFileReference; fileEncoding = 4; lastKnownFileType = sourcecode.c.h; path = linkedGeo.h; sourceTree = "<group>"; };
		ADEA00C720303A2B000C2FD2 /* mathExtensions.h */ = {isa = PBXFileReference; fileEncoding = 4; lastKnownFileType = sourcecode.c.h; path = mathExtensions.h; sourceTree = "<group>"; };
		ADEA00C820303A2B000C2FD2 /* vec2d.h */ = {isa = PBXFileReference; fileEncoding = 4; lastKnownFileType = sourcecode.c.h; path = vec2d.h; sourceTree = "<group>"; };
		ADEA00C920303A2B000C2FD2 /* vertexGraph.h */ = {isa = PBXFileReference; fileEncoding = 4; lastKnownFileType = sourcecode.c.h; path = vertexGraph.h; sourceTree = "<group>"; };
		ADEA00CB20303A2B000C2FD2 /* algos.c */ = {isa = PBXFileReference; fileEncoding = 4; lastKnownFileType = sourcecode.c.c; path = algos.c; sourceTree = "<group>"; };
		ADEA00CC20303A2B000C2FD2 /* baseCells.c */ = {isa = PBXFileReference; fileEncoding = 4; lastKnownFileType = sourcecode.c.c; path = baseCells.c; sourceTree = "<group>"; };
		ADEA00CD20303A2B000C2FD2 /* bbox.c */ = {isa = PBXFileReference; fileEncoding = 4; lastKnownFileType = sourcecode.c.c; path = bbox.c; sourceTree = "<group>"; };
		ADEA00CE20303A2B000C2FD2 /* coordijk.c */ = {isa = PBXFileReference; fileEncoding = 4; lastKnownFileType = sourcecode.c.c; path = coordijk.c; sourceTree = "<group>"; };
		ADEA00CF20303A2B000C2FD2 /* faceijk.c */ = {isa = PBXFileReference; fileEncoding = 4; lastKnownFileType = sourcecode.c.c; path = faceijk.c; sourceTree = "<group>"; };
		ADEA00D020303A2B000C2FD2 /* geoCoord.c */ = {isa = PBXFileReference; fileEncoding = 4; lastKnownFileType = sourcecode.c.c; path = geoCoord.c; sourceTree = "<group>"; };
		ADEA00D120303A2B000C2FD2 /* h3Index.c */ = {isa = PBXFileReference; fileEncoding = 4; lastKnownFileType = sourcecode.c.c; path = h3Index.c; sourceTree = "<group>"; };
		ADEA00D220303A2B000C2FD2 /* h3UniEdge.c */ = {isa = PBXFileReference; fileEncoding = 4; lastKnownFileType = sourcecode.c.c; path = h3UniEdge.c; sourceTree = "<group>"; };
		ADEA00D320303A2B000C2FD2 /* linkedGeo.c */ = {isa = PBXFileReference; fileEncoding = 4; lastKnownFileType = sourcecode.c.c; path = linkedGeo.c; sourceTree = "<group>"; };
		ADEA00D420303A2B000C2FD2 /* mathExtensions.c */ = {isa = PBXFileReference; fileEncoding = 4; lastKnownFileType = sourcecode.c.c; path = mathExtensions.c; sourceTree = "<group>"; };
		ADEA00D520303A2B000C2FD2 /* vec2d.c */ = {isa = PBXFileReference; fileEncoding = 4; lastKnownFileType = sourcecode.c.c; path = vec2d.c; sourceTree = "<group>"; };
		ADEA00D620303A2B000C2FD2 /* vertexGraph.c */ = {isa = PBXFileReference; fileEncoding = 4; lastKnownFileType = sourcecode.c.c; path = vertexGraph.c; sourceTree = "<group>"; };
		ADEA00D920303A2B000C2FD2 /* bc05r08cells.txt */ = {isa = PBXFileReference; fileEncoding = 4; lastKnownFileType = text; path = bc05r08cells.txt; sourceTree = "<group>"; };
		ADEA00DA20303A2B000C2FD2 /* bc05r08centers.txt */ = {isa = PBXFileReference; fileEncoding = 4; lastKnownFileType = text; path = bc05r08centers.txt; sourceTree = "<group>"; };
		ADEA00DB20303A2B000C2FD2 /* bc05r09cells.txt */ = {isa = PBXFileReference; fileEncoding = 4; lastKnownFileType = text; path = bc05r09cells.txt; sourceTree = "<group>"; };
		ADEA00DC20303A2B000C2FD2 /* bc05r09centers.txt */ = {isa = PBXFileReference; fileEncoding = 4; lastKnownFileType = text; path = bc05r09centers.txt; sourceTree = "<group>"; };
		ADEA00DD20303A2B000C2FD2 /* bc05r10cells.txt */ = {isa = PBXFileReference; fileEncoding = 4; lastKnownFileType = text; path = bc05r10cells.txt; sourceTree = "<group>"; };
		ADEA00DE20303A2B000C2FD2 /* bc05r10centers.txt */ = {isa = PBXFileReference; fileEncoding = 4; lastKnownFileType = text; path = bc05r10centers.txt; sourceTree = "<group>"; };
		ADEA00DF20303A2B000C2FD2 /* bc05r11cells.txt */ = {isa = PBXFileReference; fileEncoding = 4; lastKnownFileType = text; path = bc05r11cells.txt; sourceTree = "<group>"; };
		ADEA00E020303A2B000C2FD2 /* bc05r11centers.txt */ = {isa = PBXFileReference; fileEncoding = 4; lastKnownFileType = text; path = bc05r11centers.txt; sourceTree = "<group>"; };
		ADEA00E120303A2B000C2FD2 /* bc05r12cells.txt */ = {isa = PBXFileReference; fileEncoding = 4; lastKnownFileType = text; path = bc05r12cells.txt; sourceTree = "<group>"; };
		ADEA00E220303A2B000C2FD2 /* bc05r12centers.txt */ = {isa = PBXFileReference; fileEncoding = 4; lastKnownFileType = text; path = bc05r12centers.txt; sourceTree = "<group>"; };
		ADEA00E320303A2B000C2FD2 /* bc05r13cells.txt */ = {isa = PBXFileReference; fileEncoding = 4; lastKnownFileType = text; path = bc05r13cells.txt; sourceTree = "<group>"; };
		ADEA00E420303A2B000C2FD2 /* bc05r13centers.txt */ = {isa = PBXFileReference; fileEncoding = 4; lastKnownFileType = text; path = bc05r13centers.txt; sourceTree = "<group>"; };
		ADEA00E520303A2B000C2FD2 /* bc05r14cells.txt */ = {isa = PBXFileReference; fileEncoding = 4; lastKnownFileType = text; path = bc05r14cells.txt; sourceTree = "<group>"; };
		ADEA00E620303A2B000C2FD2 /* bc05r14centers.txt */ = {isa = PBXFileReference; fileEncoding = 4; lastKnownFileType = text; path = bc05r14centers.txt; sourceTree = "<group>"; };
		ADEA00E720303A2B000C2FD2 /* bc05r15cells.txt */ = {isa = PBXFileReference; fileEncoding = 4; lastKnownFileType = text; path = bc05r15cells.txt; sourceTree = "<group>"; };
		ADEA00E820303A2B000C2FD2 /* bc05r15centers.txt */ = {isa = PBXFileReference; fileEncoding = 4; lastKnownFileType = text; path = bc05r15centers.txt; sourceTree = "<group>"; };
		ADEA00E920303A2B000C2FD2 /* bc14r08cells.txt */ = {isa = PBXFileReference; fileEncoding = 4; lastKnownFileType = text; path = bc14r08cells.txt; sourceTree = "<group>"; };
		ADEA00EA20303A2B000C2FD2 /* bc14r08centers.txt */ = {isa = PBXFileReference; fileEncoding = 4; lastKnownFileType = text; path = bc14r08centers.txt; sourceTree = "<group>"; };
		ADEA00EB20303A2B000C2FD2 /* bc14r09cells.txt */ = {isa = PBXFileReference; fileEncoding = 4; lastKnownFileType = text; path = bc14r09cells.txt; sourceTree = "<group>"; };
		ADEA00EC20303A2B000C2FD2 /* bc14r09centers.txt */ = {isa = PBXFileReference; fileEncoding = 4; lastKnownFileType = text; path = bc14r09centers.txt; sourceTree = "<group>"; };
		ADEA00ED20303A2B000C2FD2 /* bc14r10cells.txt */ = {isa = PBXFileReference; fileEncoding = 4; lastKnownFileType = text; path = bc14r10cells.txt; sourceTree = "<group>"; };
		ADEA00EE20303A2B000C2FD2 /* bc14r10centers.txt */ = {isa = PBXFileReference; fileEncoding = 4; lastKnownFileType = text; path = bc14r10centers.txt; sourceTree = "<group>"; };
		ADEA00EF20303A2B000C2FD2 /* bc14r11cells.txt */ = {isa = PBXFileReference; fileEncoding = 4; lastKnownFileType = text; path = bc14r11cells.txt; sourceTree = "<group>"; };
		ADEA00F020303A2B000C2FD2 /* bc14r11centers.txt */ = {isa = PBXFileReference; fileEncoding = 4; lastKnownFileType = text; path = bc14r11centers.txt; sourceTree = "<group>"; };
		ADEA00F120303A2B000C2FD2 /* bc14r12cells.txt */ = {isa = PBXFileReference; fileEncoding = 4; lastKnownFileType = text; path = bc14r12cells.txt; sourceTree = "<group>"; };
		ADEA00F220303A2B000C2FD2 /* bc14r12centers.txt */ = {isa = PBXFileReference; fileEncoding = 4; lastKnownFileType = text; path = bc14r12centers.txt; sourceTree = "<group>"; };
		ADEA00F320303A2B000C2FD2 /* bc14r13cells.txt */ = {isa = PBXFileReference; fileEncoding = 4; lastKnownFileType = text; path = bc14r13cells.txt; sourceTree = "<group>"; };
		ADEA00F420303A2B000C2FD2 /* bc14r13centers.txt */ = {isa = PBXFileReference; fileEncoding = 4; lastKnownFileType = text; path = bc14r13centers.txt; sourceTree = "<group>"; };
		ADEA00F520303A2B000C2FD2 /* bc14r14cells.txt */ = {isa = PBXFileReference; fileEncoding = 4; lastKnownFileType = text; path = bc14r14cells.txt; sourceTree = "<group>"; };
		ADEA00F620303A2B000C2FD2 /* bc14r14centers.txt */ = {isa = PBXFileReference; fileEncoding = 4; lastKnownFileType = text; path = bc14r14centers.txt; sourceTree = "<group>"; };
		ADEA00F720303A2B000C2FD2 /* bc14r15cells.txt */ = {isa = PBXFileReference; fileEncoding = 4; lastKnownFileType = text; path = bc14r15cells.txt; sourceTree = "<group>"; };
		ADEA00F820303A2B000C2FD2 /* bc14r15centers.txt */ = {isa = PBXFileReference; fileEncoding = 4; lastKnownFileType = text; path = bc14r15centers.txt; sourceTree = "<group>"; };
		ADEA00F920303A2B000C2FD2 /* bc19r08cells.txt */ = {isa = PBXFileReference; fileEncoding = 4; lastKnownFileType = text; path = bc19r08cells.txt; sourceTree = "<group>"; };
		ADEA00FA20303A2B000C2FD2 /* bc19r08centers.txt */ = {isa = PBXFileReference; fileEncoding = 4; lastKnownFileType = text; path = bc19r08centers.txt; sourceTree = "<group>"; };
		ADEA00FB20303A2B000C2FD2 /* bc19r09cells.txt */ = {isa = PBXFileReference; fileEncoding = 4; lastKnownFileType = text; path = bc19r09cells.txt; sourceTree = "<group>"; };
		ADEA00FC20303A2B000C2FD2 /* bc19r09centers.txt */ = {isa = PBXFileReference; fileEncoding = 4; lastKnownFileType = text; path = bc19r09centers.txt; sourceTree = "<group>"; };
		ADEA00FD20303A2B000C2FD2 /* bc19r10cells.txt */ = {isa = PBXFileReference; fileEncoding = 4; lastKnownFileType = text; path = bc19r10cells.txt; sourceTree = "<group>"; };
		ADEA00FE20303A2B000C2FD2 /* bc19r10centers.txt */ = {isa = PBXFileReference; fileEncoding = 4; lastKnownFileType = text; path = bc19r10centers.txt; sourceTree = "<group>"; };
		ADEA00FF20303A2B000C2FD2 /* bc19r11cells.txt */ = {isa = PBXFileReference; fileEncoding = 4; lastKnownFileType = text; path = bc19r11cells.txt; sourceTree = "<group>"; };
		ADEA010020303A2B000C2FD2 /* bc19r11centers.txt */ = {isa = PBXFileReference; fileEncoding = 4; lastKnownFileType = text; path = bc19r11centers.txt; sourceTree = "<group>"; };
		ADEA010120303A2B000C2FD2 /* bc19r12cells.txt */ = {isa = PBXFileReference; fileEncoding = 4; lastKnownFileType = text; path = bc19r12cells.txt; sourceTree = "<group>"; };
		ADEA010220303A2B000C2FD2 /* bc19r12centers.txt */ = {isa = PBXFileReference; fileEncoding = 4; lastKnownFileType = text; path = bc19r12centers.txt; sourceTree = "<group>"; };
		ADEA010320303A2B000C2FD2 /* bc19r13cells.txt */ = {isa = PBXFileReference; fileEncoding = 4; lastKnownFileType = text; path = bc19r13cells.txt; sourceTree = "<group>"; };
		ADEA010420303A2B000C2FD2 /* bc19r13centers.txt */ = {isa = PBXFileReference; fileEncoding = 4; lastKnownFileType = text; path = bc19r13centers.txt; sourceTree = "<group>"; };
		ADEA010520303A2B000C2FD2 /* bc19r14cells.txt */ = {isa = PBXFileReference; fileEncoding = 4; lastKnownFileType = text; path = bc19r14cells.txt; sourceTree = "<group>"; };
		ADEA010620303A2B000C2FD2 /* bc19r14centers.txt */ = {isa = PBXFileReference; fileEncoding = 4; lastKnownFileType = text; path = bc19r14centers.txt; sourceTree = "<group>"; };
		ADEA010720303A2B000C2FD2 /* bc19r15cells.txt */ = {isa = PBXFileReference; fileEncoding = 4; lastKnownFileType = text; path = bc19r15cells.txt; sourceTree = "<group>"; };
		ADEA010820303A2B000C2FD2 /* bc19r15centers.txt */ = {isa = PBXFileReference; fileEncoding = 4; lastKnownFileType = text; path = bc19r15centers.txt; sourceTree = "<group>"; };
		ADEA010920303A2B000C2FD2 /* rand05cells.txt */ = {isa = PBXFileReference; fileEncoding = 4; lastKnownFileType = text; path = rand05cells.txt; sourceTree = "<group>"; };
		ADEA010A20303A2B000C2FD2 /* rand05centers.txt */ = {isa = PBXFileReference; fileEncoding = 4; lastKnownFileType = text; path = rand05centers.txt; sourceTree = "<group>"; };
		ADEA010B20303A2B000C2FD2 /* rand06cells.txt */ = {isa = PBXFileReference; fileEncoding = 4; lastKnownFileType = text; path = rand06cells.txt; sourceTree = "<group>"; };
		ADEA010C20303A2B000C2FD2 /* rand06centers.txt */ = {isa = PBXFileReference; fileEncoding = 4; lastKnownFileType = text; path = rand06centers.txt; sourceTree = "<group>"; };
		ADEA010D20303A2B000C2FD2 /* rand07cells.txt */ = {isa = PBXFileReference; fileEncoding = 4; lastKnownFileType = text; path = rand07cells.txt; sourceTree = "<group>"; };
		ADEA010E20303A2B000C2FD2 /* rand07centers.txt */ = {isa = PBXFileReference; fileEncoding = 4; lastKnownFileType = text; path = rand07centers.txt; sourceTree = "<group>"; };
		ADEA010F20303A2B000C2FD2 /* rand08cells.txt */ = {isa = PBXFileReference; fileEncoding = 4; lastKnownFileType = text; path = rand08cells.txt; sourceTree = "<group>"; };
		ADEA011020303A2B000C2FD2 /* rand08centers.txt */ = {isa = PBXFileReference; fileEncoding = 4; lastKnownFileType = text; path = rand08centers.txt; sourceTree = "<group>"; };
		ADEA011120303A2B000C2FD2 /* rand09cells.txt */ = {isa = PBXFileReference; fileEncoding = 4; lastKnownFileType = text; path = rand09cells.txt; sourceTree = "<group>"; };
		ADEA011220303A2B000C2FD2 /* rand09centers.txt */ = {isa = PBXFileReference; fileEncoding = 4; lastKnownFileType = text; path = rand09centers.txt; sourceTree = "<group>"; };
		ADEA011320303A2B000C2FD2 /* rand10cells.txt */ = {isa = PBXFileReference; fileEncoding = 4; lastKnownFileType = text; path = rand10cells.txt; sourceTree = "<group>"; };
		ADEA011420303A2B000C2FD2 /* rand10centers.txt */ = {isa = PBXFileReference; fileEncoding = 4; lastKnownFileType = text; path = rand10centers.txt; sourceTree = "<group>"; };
		ADEA011520303A2B000C2FD2 /* rand11cells.txt */ = {isa = PBXFileReference; fileEncoding = 4; lastKnownFileType = text; path = rand11cells.txt; sourceTree = "<group>"; };
		ADEA011620303A2B000C2FD2 /* rand11centers.txt */ = {isa = PBXFileReference; fileEncoding = 4; lastKnownFileType = text; path = rand11centers.txt; sourceTree = "<group>"; };
		ADEA011720303A2B000C2FD2 /* rand12cells.txt */ = {isa = PBXFileReference; fileEncoding = 4; lastKnownFileType = text; path = rand12cells.txt; sourceTree = "<group>"; };
		ADEA011820303A2B000C2FD2 /* rand12centers.txt */ = {isa = PBXFileReference; fileEncoding = 4; lastKnownFileType = text; path = rand12centers.txt; sourceTree = "<group>"; };
		ADEA011920303A2B000C2FD2 /* rand13cells.txt */ = {isa = PBXFileReference; fileEncoding = 4; lastKnownFileType = text; path = rand13cells.txt; sourceTree = "<group>"; };
		ADEA011A20303A2B000C2FD2 /* rand13centers.txt */ = {isa = PBXFileReference; fileEncoding = 4; lastKnownFileType = text; path = rand13centers.txt; sourceTree = "<group>"; };
		ADEA011B20303A2B000C2FD2 /* rand14cells.txt */ = {isa = PBXFileReference; fileEncoding = 4; lastKnownFileType = text; path = rand14cells.txt; sourceTree = "<group>"; };
		ADEA011C20303A2B000C2FD2 /* rand14centers.txt */ = {isa = PBXFileReference; fileEncoding = 4; lastKnownFileType = text; path = rand14centers.txt; sourceTree = "<group>"; };
		ADEA011D20303A2B000C2FD2 /* rand15cells.txt */ = {isa = PBXFileReference; fileEncoding = 4; lastKnownFileType = text; path = rand15cells.txt; sourceTree = "<group>"; };
		ADEA011E20303A2B000C2FD2 /* rand15centers.txt */ = {isa = PBXFileReference; fileEncoding = 4; lastKnownFileType = text; path = rand15centers.txt; sourceTree = "<group>"; };
		ADEA011F20303A2B000C2FD2 /* res00cells.txt */ = {isa = PBXFileReference; fileEncoding = 4; lastKnownFileType = text; path = res00cells.txt; sourceTree = "<group>"; };
		ADEA012020303A2B000C2FD2 /* res00ic.txt */ = {isa = PBXFileReference; fileEncoding = 4; lastKnownFileType = text; path = res00ic.txt; sourceTree = "<group>"; };
		ADEA012120303A2B000C2FD2 /* res01cells.txt */ = {isa = PBXFileReference; fileEncoding = 4; lastKnownFileType = text; path = res01cells.txt; sourceTree = "<group>"; };
		ADEA012220303A2B000C2FD2 /* res01ic.txt */ = {isa = PBXFileReference; fileEncoding = 4; lastKnownFileType = text; path = res01ic.txt; sourceTree = "<group>"; };
		ADEA012320303A2B000C2FD2 /* res02cells.txt */ = {isa = PBXFileReference; fileEncoding = 4; lastKnownFileType = text; path = res02cells.txt; sourceTree = "<group>"; };
		ADEA012420303A2B000C2FD2 /* res02ic.txt */ = {isa = PBXFileReference; fileEncoding = 4; lastKnownFileType = text; path = res02ic.txt; sourceTree = "<group>"; };
		ADEA012520303A2B000C2FD2 /* res03cells.txt */ = {isa = PBXFileReference; fileEncoding = 4; lastKnownFileType = text; path = res03cells.txt; sourceTree = "<group>"; };
		ADEA012620303A2B000C2FD2 /* res03ic.txt */ = {isa = PBXFileReference; fileEncoding = 4; lastKnownFileType = text; path = res03ic.txt; sourceTree = "<group>"; };
		ADEA012720303A2B000C2FD2 /* res04ic.txt */ = {isa = PBXFileReference; fileEncoding = 4; lastKnownFileType = text; path = res04ic.txt; sourceTree = "<group>"; };
		ADEA012820303A2B000C2FD2 /* VERSION */ = {isa = PBXFileReference; fileEncoding = 4; lastKnownFileType = text; path = VERSION; sourceTree = "<group>"; };
/* End PBXFileReference section */

/* Begin PBXFrameworksBuildPhase section */
		AD4B83E52027C04800D116BA /* Frameworks */ = {
			isa = PBXFrameworksBuildPhase;
			buildActionMask = 2147483647;
			files = (
			);
			runOnlyForDeploymentPostprocessing = 0;
		};
/* End PBXFrameworksBuildPhase section */

/* Begin PBXGroup section */
		AD4B83DF2027C04800D116BA = {
			isa = PBXGroup;
			children = (
				ADEA005B20303A2B000C2FD2 /* h3 */,
				AD4B83EB2027C04800D116BA /* h3-swift */,
				AD4B83EA2027C04800D116BA /* Products */,
			);
			sourceTree = "<group>";
		};
		AD4B83EA2027C04800D116BA /* Products */ = {
			isa = PBXGroup;
			children = (
				AD4B83E92027C04800D116BA /* h3_swift.framework */,
			);
			name = Products;
			sourceTree = "<group>";
		};
		AD4B83EB2027C04800D116BA /* h3-swift */ = {
			isa = PBXGroup;
			children = (
				AD4B83EC2027C04900D116BA /* h3_swift.h */,
				AD4B83ED2027C04900D116BA /* Info.plist */,
			);
			path = "h3-swift";
			sourceTree = "<group>";
		};
		ADEA005B20303A2B000C2FD2 /* h3 */ = {
			isa = PBXGroup;
			children = (
				ADEA005C20303A2B000C2FD2 /* .gitignore */,
				ADEA005D20303A2B000C2FD2 /* .travis.yml */,
				ADEA005E20303A2B000C2FD2 /* CHANGELOG.md */,
				ADEA005F20303A2B000C2FD2 /* CMakeLists.txt */,
				ADEA006020303A2B000C2FD2 /* docs */,
				ADEA007C20303A2B000C2FD2 /* examples */,
				ADEA007F20303A2B000C2FD2 /* KML */,
				ADEA008120303A2B000C2FD2 /* LICENSE */,
				ADEA008220303A2B000C2FD2 /* README.md */,
				ADEA008320303A2B000C2FD2 /* scripts */,
				ADEA008620303A2B000C2FD2 /* src */,
				ADEA00D720303A2B000C2FD2 /* tests */,
				ADEA012820303A2B000C2FD2 /* VERSION */,
			);
			path = h3;
			sourceTree = "<group>";
		};
		ADEA006020303A2B000C2FD2 /* docs */ = {
			isa = PBXGroup;
			children = (
				ADEA006120303A2B000C2FD2 /* build_windows.md */,
				ADEA006220303A2B000C2FD2 /* Doxyfile.in */,
				ADEA006320303A2B000C2FD2 /* doxyfiles */,
			);
			path = docs;
			sourceTree = "<group>";
		};
		ADEA006320303A2B000C2FD2 /* doxyfiles */ = {
			isa = PBXGroup;
			children = (
				ADEA006420303A2B000C2FD2 /* coordsystems.md */,
				ADEA006520303A2B000C2FD2 /* filters.md */,
				ADEA006620303A2B000C2FD2 /* geoToH3desc.md */,
				ADEA006720303A2B000C2FD2 /* h3indexing.md */,
				ADEA006820303A2B000C2FD2 /* h3ToGeoBoundaryDesc.md */,
				ADEA006920303A2B000C2FD2 /* h3ToGeoDesc.md */,
				ADEA006A20303A2B000C2FD2 /* images */,
				ADEA007720303A2B000C2FD2 /* mainpage.md */,
				ADEA007820303A2B000C2FD2 /* overview.md */,
				ADEA007920303A2B000C2FD2 /* restable.md */,
				ADEA007A20303A2B000C2FD2 /* usage.md */,
				ADEA007B20303A2B000C2FD2 /* usecases.md */,
			);
			path = doxyfiles;
			sourceTree = "<group>";
		};
		ADEA006A20303A2B000C2FD2 /* images */ = {
			isa = PBXGroup;
			children = (
				ADEA006B20303A2B000C2FD2 /* ca_compact_6_901.png */,
				ADEA006C20303A2B000C2FD2 /* ca_uncompact_6_10633.png */,
				ADEA006D20303A2B000C2FD2 /* classII.III.png */,
				ADEA006E20303A2B000C2FD2 /* cpidigits.png */,
				ADEA006F20303A2B000C2FD2 /* ijkp.png */,
				ADEA007020303A2B000C2FD2 /* neighbors-hexagon.png */,
				ADEA007120303A2B000C2FD2 /* neighbors-square.png */,
				ADEA007220303A2B000C2FD2 /* neighbors-triangle.png */,
				ADEA007320303A2B000C2FD2 /* neighbors.png */,
				ADEA007420303A2B000C2FD2 /* parent-child.png */,
				ADEA007520303A2B000C2FD2 /* substrate3.png */,
				ADEA007620303A2B000C2FD2 /* triEdge.png */,
			);
			path = images;
			sourceTree = "<group>";
		};
		ADEA007C20303A2B000C2FD2 /* examples */ = {
			isa = PBXGroup;
			children = (
				ADEA007D20303A2B000C2FD2 /* distance.c */,
				ADEA007E20303A2B000C2FD2 /* index.c */,
			);
			path = examples;
			sourceTree = "<group>";
		};
		ADEA007F20303A2B000C2FD2 /* KML */ = {
			isa = PBXGroup;
			children = (
				ADEA008020303A2B000C2FD2 /* icosa.kml */,
			);
			path = KML;
			sourceTree = "<group>";
		};
		ADEA008320303A2B000C2FD2 /* scripts */ = {
			isa = PBXGroup;
			children = (
				ADEA008420303A2B000C2FD2 /* binding_functions.ps1 */,
				ADEA008520303A2B000C2FD2 /* binding_functions.sh */,
			);
			path = scripts;
			sourceTree = "<group>";
		};
		ADEA008620303A2B000C2FD2 /* src */ = {
			isa = PBXGroup;
			children = (
				ADEA008720303A2B000C2FD2 /* apps */,
				ADEA00BA20303A2B000C2FD2 /* h3lib */,
			);
			path = src;
			sourceTree = "<group>";
		};
		ADEA008720303A2B000C2FD2 /* apps */ = {
			isa = PBXGroup;
			children = (
				ADEA008820303A2B000C2FD2 /* applib */,
				ADEA009220303A2B000C2FD2 /* benchmarks */,
				ADEA009520303A2B000C2FD2 /* filters */,
				ADEA009C20303A2B000C2FD2 /* miscapps */,
				ADEA00A120303A2B000C2FD2 /* testapps */,
			);
			path = apps;
			sourceTree = "<group>";
		};
		ADEA008820303A2B000C2FD2 /* applib */ = {
			isa = PBXGroup;
			children = (
				ADEA008920303A2B000C2FD2 /* include */,
				ADEA008E20303A2B000C2FD2 /* lib */,
			);
			path = applib;
			sourceTree = "<group>";
		};
		ADEA008920303A2B000C2FD2 /* include */ = {
			isa = PBXGroup;
			children = (
				ADEA008A20303A2B000C2FD2 /* benchmark.h */,
				ADEA008B20303A2B000C2FD2 /* kml.h */,
				ADEA008C20303A2B000C2FD2 /* test.h */,
				ADEA008D20303A2B000C2FD2 /* utility.h */,
			);
			path = include;
			sourceTree = "<group>";
		};
		ADEA008E20303A2B000C2FD2 /* lib */ = {
			isa = PBXGroup;
			children = (
				ADEA008F20303A2B000C2FD2 /* kml.c */,
				ADEA009020303A2B000C2FD2 /* test.c */,
				ADEA009120303A2B000C2FD2 /* utility.c */,
			);
			path = lib;
			sourceTree = "<group>";
		};
		ADEA009220303A2B000C2FD2 /* benchmarks */ = {
			isa = PBXGroup;
			children = (
				ADEA009320303A2B000C2FD2 /* benchmarkH3Api.c */,
				ADEA009420303A2B000C2FD2 /* benchmarkPolyfill.c */,
			);
			path = benchmarks;
			sourceTree = "<group>";
		};
		ADEA009520303A2B000C2FD2 /* filters */ = {
			isa = PBXGroup;
			children = (
				ADEA009620303A2B000C2FD2 /* geoToH3.c */,
				ADEA009720303A2B000C2FD2 /* h3ToComponents.c */,
				ADEA009820303A2B000C2FD2 /* h3ToGeo.c */,
				ADEA009920303A2B000C2FD2 /* h3ToGeoBoundary.c */,
				ADEA009A20303A2B000C2FD2 /* hexRange.c */,
				ADEA009B20303A2B000C2FD2 /* kRing.c */,
			);
			path = filters;
			sourceTree = "<group>";
		};
		ADEA009C20303A2B000C2FD2 /* miscapps */ = {
			isa = PBXGroup;
			children = (
				ADEA009D20303A2B000C2FD2 /* generateBaseCellNeighbors.c */,
				ADEA009E20303A2B000C2FD2 /* h3ToGeoBoundaryHier.c */,
				ADEA009F20303A2B000C2FD2 /* h3ToGeoHier.c */,
				ADEA00A020303A2B000C2FD2 /* h3ToHier.c */,
			);
			path = miscapps;
			sourceTree = "<group>";
		};
		ADEA00A120303A2B000C2FD2 /* testapps */ = {
			isa = PBXGroup;
			children = (
				ADEA00A220303A2B000C2FD2 /* mkRandGeo.c */,
				ADEA00A320303A2B000C2FD2 /* mkRandGeoBoundary.c */,
				ADEA00A420303A2B000C2FD2 /* README.txt */,
				ADEA00A520303A2B000C2FD2 /* testBBox.c */,
				ADEA00A620303A2B000C2FD2 /* testCompact.c */,
				ADEA00A720303A2B000C2FD2 /* testGeoCoord.c */,
				ADEA00A820303A2B000C2FD2 /* testGeoToH3.c */,
				ADEA00A920303A2B000C2FD2 /* testH3Api.c */,
				ADEA00AA20303A2B000C2FD2 /* testH3Index.c */,
				ADEA00AB20303A2B000C2FD2 /* testH3NeighborRotations.c */,
				ADEA00AC20303A2B000C2FD2 /* testH3SetToLinkedGeo.c */,
				ADEA00AD20303A2B000C2FD2 /* testH3SetToVertexGraph.c */,
				ADEA00AE20303A2B000C2FD2 /* testH3ToChildren.c */,
				ADEA00AF20303A2B000C2FD2 /* testH3ToGeo.c */,
				ADEA00B020303A2B000C2FD2 /* testH3ToGeoBoundary.c */,
				ADEA00B120303A2B000C2FD2 /* testH3ToParent.c */,
				ADEA00B220303A2B000C2FD2 /* testH3UniEdge.c */,
				ADEA00B320303A2B000C2FD2 /* testHexRanges.c */,
				ADEA00B420303A2B000C2FD2 /* testHexRing.c */,
				ADEA00B520303A2B000C2FD2 /* testKRing.c */,
				ADEA00B620303A2B000C2FD2 /* testLinkedGeo.c */,
				ADEA00B720303A2B000C2FD2 /* testMaxH3ToChildrenSize.c */,
				ADEA00B820303A2B000C2FD2 /* testPolyfill.c */,
				ADEA00B920303A2B000C2FD2 /* testVertexGraph.c */,
			);
			path = testapps;
			sourceTree = "<group>";
		};
		ADEA00BA20303A2B000C2FD2 /* h3lib */ = {
			isa = PBXGroup;
			children = (
				ADEA00BB20303A2B000C2FD2 /* include */,
				ADEA00CA20303A2B000C2FD2 /* lib */,
			);
			path = h3lib;
			sourceTree = "<group>";
		};
		ADEA00BB20303A2B000C2FD2 /* include */ = {
			isa = PBXGroup;
			children = (
				ADEA00BC20303A2B000C2FD2 /* algos.h */,
				ADEA00BD20303A2B000C2FD2 /* baseCells.h */,
				ADEA00BE20303A2B000C2FD2 /* bbox.h */,
				ADEA00BF20303A2B000C2FD2 /* constants.h */,
				ADEA00C020303A2B000C2FD2 /* coordijk.h */,
				ADEA00C120303A2B000C2FD2 /* faceijk.h */,
				ADEA00C220303A2B000C2FD2 /* geoCoord.h */,
				ADEA00C320303A2B000C2FD2 /* h3api.h */,
				ADEA00C420303A2B000C2FD2 /* h3Index.h */,
				ADEA00C520303A2B000C2FD2 /* h3UniEdge.h */,
				ADEA00C620303A2B000C2FD2 /* linkedGeo.h */,
				ADEA00C720303A2B000C2FD2 /* mathExtensions.h */,
				ADEA00C820303A2B000C2FD2 /* vec2d.h */,
				ADEA00C920303A2B000C2FD2 /* vertexGraph.h */,
			);
			path = include;
			sourceTree = "<group>";
		};
		ADEA00CA20303A2B000C2FD2 /* lib */ = {
			isa = PBXGroup;
			children = (
				ADEA00CB20303A2B000C2FD2 /* algos.c */,
				ADEA00CC20303A2B000C2FD2 /* baseCells.c */,
				ADEA00CD20303A2B000C2FD2 /* bbox.c */,
				ADEA00CE20303A2B000C2FD2 /* coordijk.c */,
				ADEA00CF20303A2B000C2FD2 /* faceijk.c */,
				ADEA00D020303A2B000C2FD2 /* geoCoord.c */,
				ADEA00D120303A2B000C2FD2 /* h3Index.c */,
				ADEA00D220303A2B000C2FD2 /* h3UniEdge.c */,
				ADEA00D320303A2B000C2FD2 /* linkedGeo.c */,
				ADEA00D420303A2B000C2FD2 /* mathExtensions.c */,
				ADEA00D520303A2B000C2FD2 /* vec2d.c */,
				ADEA00D620303A2B000C2FD2 /* vertexGraph.c */,
			);
			path = lib;
			sourceTree = "<group>";
		};
		ADEA00D720303A2B000C2FD2 /* tests */ = {
			isa = PBXGroup;
			children = (
				ADEA00D820303A2B000C2FD2 /* inputfiles */,
			);
			path = tests;
			sourceTree = "<group>";
		};
		ADEA00D820303A2B000C2FD2 /* inputfiles */ = {
			isa = PBXGroup;
			children = (
				ADEA00D920303A2B000C2FD2 /* bc05r08cells.txt */,
				ADEA00DA20303A2B000C2FD2 /* bc05r08centers.txt */,
				ADEA00DB20303A2B000C2FD2 /* bc05r09cells.txt */,
				ADEA00DC20303A2B000C2FD2 /* bc05r09centers.txt */,
				ADEA00DD20303A2B000C2FD2 /* bc05r10cells.txt */,
				ADEA00DE20303A2B000C2FD2 /* bc05r10centers.txt */,
				ADEA00DF20303A2B000C2FD2 /* bc05r11cells.txt */,
				ADEA00E020303A2B000C2FD2 /* bc05r11centers.txt */,
				ADEA00E120303A2B000C2FD2 /* bc05r12cells.txt */,
				ADEA00E220303A2B000C2FD2 /* bc05r12centers.txt */,
				ADEA00E320303A2B000C2FD2 /* bc05r13cells.txt */,
				ADEA00E420303A2B000C2FD2 /* bc05r13centers.txt */,
				ADEA00E520303A2B000C2FD2 /* bc05r14cells.txt */,
				ADEA00E620303A2B000C2FD2 /* bc05r14centers.txt */,
				ADEA00E720303A2B000C2FD2 /* bc05r15cells.txt */,
				ADEA00E820303A2B000C2FD2 /* bc05r15centers.txt */,
				ADEA00E920303A2B000C2FD2 /* bc14r08cells.txt */,
				ADEA00EA20303A2B000C2FD2 /* bc14r08centers.txt */,
				ADEA00EB20303A2B000C2FD2 /* bc14r09cells.txt */,
				ADEA00EC20303A2B000C2FD2 /* bc14r09centers.txt */,
				ADEA00ED20303A2B000C2FD2 /* bc14r10cells.txt */,
				ADEA00EE20303A2B000C2FD2 /* bc14r10centers.txt */,
				ADEA00EF20303A2B000C2FD2 /* bc14r11cells.txt */,
				ADEA00F020303A2B000C2FD2 /* bc14r11centers.txt */,
				ADEA00F120303A2B000C2FD2 /* bc14r12cells.txt */,
				ADEA00F220303A2B000C2FD2 /* bc14r12centers.txt */,
				ADEA00F320303A2B000C2FD2 /* bc14r13cells.txt */,
				ADEA00F420303A2B000C2FD2 /* bc14r13centers.txt */,
				ADEA00F520303A2B000C2FD2 /* bc14r14cells.txt */,
				ADEA00F620303A2B000C2FD2 /* bc14r14centers.txt */,
				ADEA00F720303A2B000C2FD2 /* bc14r15cells.txt */,
				ADEA00F820303A2B000C2FD2 /* bc14r15centers.txt */,
				ADEA00F920303A2B000C2FD2 /* bc19r08cells.txt */,
				ADEA00FA20303A2B000C2FD2 /* bc19r08centers.txt */,
				ADEA00FB20303A2B000C2FD2 /* bc19r09cells.txt */,
				ADEA00FC20303A2B000C2FD2 /* bc19r09centers.txt */,
				ADEA00FD20303A2B000C2FD2 /* bc19r10cells.txt */,
				ADEA00FE20303A2B000C2FD2 /* bc19r10centers.txt */,
				ADEA00FF20303A2B000C2FD2 /* bc19r11cells.txt */,
				ADEA010020303A2B000C2FD2 /* bc19r11centers.txt */,
				ADEA010120303A2B000C2FD2 /* bc19r12cells.txt */,
				ADEA010220303A2B000C2FD2 /* bc19r12centers.txt */,
				ADEA010320303A2B000C2FD2 /* bc19r13cells.txt */,
				ADEA010420303A2B000C2FD2 /* bc19r13centers.txt */,
				ADEA010520303A2B000C2FD2 /* bc19r14cells.txt */,
				ADEA010620303A2B000C2FD2 /* bc19r14centers.txt */,
				ADEA010720303A2B000C2FD2 /* bc19r15cells.txt */,
				ADEA010820303A2B000C2FD2 /* bc19r15centers.txt */,
				ADEA010920303A2B000C2FD2 /* rand05cells.txt */,
				ADEA010A20303A2B000C2FD2 /* rand05centers.txt */,
				ADEA010B20303A2B000C2FD2 /* rand06cells.txt */,
				ADEA010C20303A2B000C2FD2 /* rand06centers.txt */,
				ADEA010D20303A2B000C2FD2 /* rand07cells.txt */,
				ADEA010E20303A2B000C2FD2 /* rand07centers.txt */,
				ADEA010F20303A2B000C2FD2 /* rand08cells.txt */,
				ADEA011020303A2B000C2FD2 /* rand08centers.txt */,
				ADEA011120303A2B000C2FD2 /* rand09cells.txt */,
				ADEA011220303A2B000C2FD2 /* rand09centers.txt */,
				ADEA011320303A2B000C2FD2 /* rand10cells.txt */,
				ADEA011420303A2B000C2FD2 /* rand10centers.txt */,
				ADEA011520303A2B000C2FD2 /* rand11cells.txt */,
				ADEA011620303A2B000C2FD2 /* rand11centers.txt */,
				ADEA011720303A2B000C2FD2 /* rand12cells.txt */,
				ADEA011820303A2B000C2FD2 /* rand12centers.txt */,
				ADEA011920303A2B000C2FD2 /* rand13cells.txt */,
				ADEA011A20303A2B000C2FD2 /* rand13centers.txt */,
				ADEA011B20303A2B000C2FD2 /* rand14cells.txt */,
				ADEA011C20303A2B000C2FD2 /* rand14centers.txt */,
				ADEA011D20303A2B000C2FD2 /* rand15cells.txt */,
				ADEA011E20303A2B000C2FD2 /* rand15centers.txt */,
				ADEA011F20303A2B000C2FD2 /* res00cells.txt */,
				ADEA012020303A2B000C2FD2 /* res00ic.txt */,
				ADEA012120303A2B000C2FD2 /* res01cells.txt */,
				ADEA012220303A2B000C2FD2 /* res01ic.txt */,
				ADEA012320303A2B000C2FD2 /* res02cells.txt */,
				ADEA012420303A2B000C2FD2 /* res02ic.txt */,
				ADEA012520303A2B000C2FD2 /* res03cells.txt */,
				ADEA012620303A2B000C2FD2 /* res03ic.txt */,
				ADEA012720303A2B000C2FD2 /* res04ic.txt */,
			);
			path = inputfiles;
			sourceTree = "<group>";
		};
/* End PBXGroup section */

/* Begin PBXHeadersBuildPhase section */
		AD4B83E62027C04800D116BA /* Headers */ = {
			isa = PBXHeadersBuildPhase;
			buildActionMask = 2147483647;
			files = (
				ADEA018020303A2B000C2FD2 /* h3Index.h in Headers */,
				ADEA015020303A2B000C2FD2 /* utility.h in Headers */,
				ADEA014F20303A2B000C2FD2 /* test.h in Headers */,
				ADEA018320303A2B000C2FD2 /* mathExtensions.h in Headers */,
				ADEA018220303A2B000C2FD2 /* linkedGeo.h in Headers */,
				ADEA017E20303A2B000C2FD2 /* geoCoord.h in Headers */,
				ADEA017F20303A2B000C2FD2 /* h3api.h in Headers */,
				ADEA014E20303A2B000C2FD2 /* kml.h in Headers */,
				ADEA017B20303A2B000C2FD2 /* constants.h in Headers */,
				ADEA018120303A2B000C2FD2 /* h3UniEdge.h in Headers */,
				ADEA018520303A2B000C2FD2 /* vertexGraph.h in Headers */,
				ADEA017920303A2B000C2FD2 /* baseCells.h in Headers */,
				ADEA017820303A2B000C2FD2 /* algos.h in Headers */,
				ADEA014D20303A2B000C2FD2 /* benchmark.h in Headers */,
				AD4B83EE2027C04900D116BA /* h3_swift.h in Headers */,
				ADEA017D20303A2B000C2FD2 /* faceijk.h in Headers */,
				ADEA018420303A2B000C2FD2 /* vec2d.h in Headers */,
				ADEA017A20303A2B000C2FD2 /* bbox.h in Headers */,
				ADEA017C20303A2B000C2FD2 /* coordijk.h in Headers */,
			);
			runOnlyForDeploymentPostprocessing = 0;
		};
/* End PBXHeadersBuildPhase section */

/* Begin PBXNativeTarget section */
		AD4B83E82027C04800D116BA /* h3-swift */ = {
			isa = PBXNativeTarget;
			buildConfigurationList = AD4B83F12027C04900D116BA /* Build configuration list for PBXNativeTarget "h3-swift" */;
			buildPhases = (
				AD4B83E42027C04800D116BA /* Sources */,
				AD4B83E52027C04800D116BA /* Frameworks */,
				AD4B83E62027C04800D116BA /* Headers */,
				AD4B83E72027C04800D116BA /* Resources */,
			);
			buildRules = (
			);
			dependencies = (
			);
			name = "h3-swift";
			productName = "h3-swift";
			productReference = AD4B83E92027C04800D116BA /* h3_swift.framework */;
			productType = "com.apple.product-type.framework";
		};
/* End PBXNativeTarget section */

/* Begin PBXProject section */
		AD4B83E02027C04800D116BA /* Project object */ = {
			isa = PBXProject;
			attributes = {
				LastUpgradeCheck = 0920;
				ORGANIZATIONNAME = "David Van Duzer";
				TargetAttributes = {
					AD4B83E82027C04800D116BA = {
						CreatedOnToolsVersion = 9.2;
						ProvisioningStyle = Automatic;
					};
				};
			};
			buildConfigurationList = AD4B83E32027C04800D116BA /* Build configuration list for PBXProject "h3-swift" */;
			compatibilityVersion = "Xcode 8.0";
			developmentRegion = en;
			hasScannedForEncodings = 0;
			knownRegions = (
				en,
			);
			mainGroup = AD4B83DF2027C04800D116BA;
			productRefGroup = AD4B83EA2027C04800D116BA /* Products */;
			projectDirPath = "";
			projectRoot = "";
			targets = (
				AD4B83E82027C04800D116BA /* h3-swift */,
			);
		};
/* End PBXProject section */

/* Begin PBXResourcesBuildPhase section */
		AD4B83E72027C04800D116BA /* Resources */ = {
			isa = PBXResourcesBuildPhase;
			buildActionMask = 2147483647;
			files = (
				ADEA014B20303A2B000C2FD2 /* binding_functions.ps1 in Resources */,
				ADEA013820303A2B000C2FD2 /* cpidigits.png in Resources */,
				ADEA014220303A2B000C2FD2 /* overview.md in Resources */,
				ADEA013C20303A2B000C2FD2 /* neighbors-triangle.png in Resources */,
				ADEA01C920303A2B000C2FD2 /* rand08centers.txt in Resources */,
				ADEA013520303A2B000C2FD2 /* ca_compact_6_901.png in Resources */,
				ADEA01A520303A2B000C2FD2 /* bc14r09centers.txt in Resources */,
				ADEA013F20303A2B000C2FD2 /* substrate3.png in Resources */,
				ADEA013A20303A2B000C2FD2 /* neighbors-hexagon.png in Resources */,
				ADEA019320303A2B000C2FD2 /* bc05r08centers.txt in Resources */,
				ADEA012D20303A2B000C2FD2 /* build_windows.md in Resources */,
				ADEA014320303A2B000C2FD2 /* restable.md in Resources */,
				ADEA01B620303A2B000C2FD2 /* bc19r10cells.txt in Resources */,
				ADEA01BC20303A2B000C2FD2 /* bc19r13cells.txt in Resources */,
				ADEA01C320303A2B000C2FD2 /* rand05centers.txt in Resources */,
				ADEA01D320303A2B000C2FD2 /* rand13centers.txt in Resources */,
				ADEA01B820303A2B000C2FD2 /* bc19r11cells.txt in Resources */,
				ADEA01CF20303A2B000C2FD2 /* rand11centers.txt in Resources */,
				ADEA01C220303A2B000C2FD2 /* rand05cells.txt in Resources */,
				ADEA01D020303A2B000C2FD2 /* rand12cells.txt in Resources */,
				ADEA01AD20303A2B000C2FD2 /* bc14r13centers.txt in Resources */,
				ADEA012C20303A2B000C2FD2 /* CMakeLists.txt in Resources */,
				ADEA01D220303A2B000C2FD2 /* rand13cells.txt in Resources */,
				ADEA01A020303A2B000C2FD2 /* bc05r15cells.txt in Resources */,
				ADEA01DB20303A2B000C2FD2 /* res01ic.txt in Resources */,
				ADEA01D120303A2B000C2FD2 /* rand12centers.txt in Resources */,
				ADEA01C820303A2B000C2FD2 /* rand08cells.txt in Resources */,
				ADEA014C20303A2B000C2FD2 /* binding_functions.sh in Resources */,
				ADEA014920303A2B000C2FD2 /* LICENSE in Resources */,
				ADEA013120303A2B000C2FD2 /* geoToH3desc.md in Resources */,
				ADEA019220303A2B000C2FD2 /* bc05r08cells.txt in Resources */,
				ADEA01A720303A2B000C2FD2 /* bc14r10centers.txt in Resources */,
				ADEA01A120303A2B000C2FD2 /* bc05r15centers.txt in Resources */,
				ADEA019D20303A2B000C2FD2 /* bc05r13centers.txt in Resources */,
				ADEA01A320303A2B000C2FD2 /* bc14r08centers.txt in Resources */,
				ADEA01DD20303A2B000C2FD2 /* res02ic.txt in Resources */,
				ADEA01A920303A2B000C2FD2 /* bc14r11centers.txt in Resources */,
				ADEA01C620303A2B000C2FD2 /* rand07cells.txt in Resources */,
				ADEA01DC20303A2B000C2FD2 /* res02cells.txt in Resources */,
				ADEA013020303A2B000C2FD2 /* filters.md in Resources */,
				ADEA01AF20303A2B000C2FD2 /* bc14r14centers.txt in Resources */,
				ADEA01B320303A2B000C2FD2 /* bc19r08centers.txt in Resources */,
				ADEA01CC20303A2B000C2FD2 /* rand10cells.txt in Resources */,
				ADEA01C120303A2B000C2FD2 /* bc19r15centers.txt in Resources */,
				ADEA01DF20303A2B000C2FD2 /* res03ic.txt in Resources */,
				ADEA013620303A2B000C2FD2 /* ca_uncompact_6_10633.png in Resources */,
				ADEA01C520303A2B000C2FD2 /* rand06centers.txt in Resources */,
				ADEA019F20303A2B000C2FD2 /* bc05r14centers.txt in Resources */,
				ADEA01B520303A2B000C2FD2 /* bc19r09centers.txt in Resources */,
				ADEA019E20303A2B000C2FD2 /* bc05r14cells.txt in Resources */,
				ADEA01D920303A2B000C2FD2 /* res00ic.txt in Resources */,
				ADEA019B20303A2B000C2FD2 /* bc05r12centers.txt in Resources */,
				ADEA012E20303A2B000C2FD2 /* Doxyfile.in in Resources */,
				ADEA014120303A2B000C2FD2 /* mainpage.md in Resources */,
				ADEA01E120303A2B000C2FD2 /* VERSION in Resources */,
				ADEA013420303A2B000C2FD2 /* h3ToGeoDesc.md in Resources */,
				ADEA013920303A2B000C2FD2 /* ijkp.png in Resources */,
				ADEA01D720303A2B000C2FD2 /* rand15centers.txt in Resources */,
				ADEA01A420303A2B000C2FD2 /* bc14r09cells.txt in Resources */,
				ADEA01DA20303A2B000C2FD2 /* res01cells.txt in Resources */,
				ADEA01BE20303A2B000C2FD2 /* bc19r14cells.txt in Resources */,
				ADEA01CD20303A2B000C2FD2 /* rand10centers.txt in Resources */,
				ADEA01B220303A2B000C2FD2 /* bc19r08cells.txt in Resources */,
				ADEA01A620303A2B000C2FD2 /* bc14r10cells.txt in Resources */,
				ADEA01B020303A2B000C2FD2 /* bc14r15cells.txt in Resources */,
				ADEA01C720303A2B000C2FD2 /* rand07centers.txt in Resources */,
				ADEA01E020303A2B000C2FD2 /* res04ic.txt in Resources */,
				ADEA01AC20303A2B000C2FD2 /* bc14r13cells.txt in Resources */,
				ADEA016220303A2B000C2FD2 /* README.txt in Resources */,
				ADEA01CE20303A2B000C2FD2 /* rand11cells.txt in Resources */,
				ADEA014420303A2B000C2FD2 /* usage.md in Resources */,
				ADEA01D520303A2B000C2FD2 /* rand14centers.txt in Resources */,
				ADEA012A20303A2B000C2FD2 /* .travis.yml in Resources */,
				ADEA019520303A2B000C2FD2 /* bc05r09centers.txt in Resources */,
				ADEA019420303A2B000C2FD2 /* bc05r09cells.txt in Resources */,
				ADEA01A820303A2B000C2FD2 /* bc14r11cells.txt in Resources */,
				ADEA01D420303A2B000C2FD2 /* rand14cells.txt in Resources */,
				ADEA01BB20303A2B000C2FD2 /* bc19r12centers.txt in Resources */,
				ADEA012F20303A2B000C2FD2 /* coordsystems.md in Resources */,
				ADEA012B20303A2B000C2FD2 /* CHANGELOG.md in Resources */,
				ADEA019C20303A2B000C2FD2 /* bc05r13cells.txt in Resources */,
				ADEA01B720303A2B000C2FD2 /* bc19r10centers.txt in Resources */,
				ADEA013320303A2B000C2FD2 /* h3ToGeoBoundaryDesc.md in Resources */,
				ADEA01D820303A2B000C2FD2 /* res00cells.txt in Resources */,
				ADEA01C020303A2B000C2FD2 /* bc19r15cells.txt in Resources */,
				ADEA014A20303A2B000C2FD2 /* README.md in Resources */,
				ADEA019920303A2B000C2FD2 /* bc05r11centers.txt in Resources */,
				ADEA013720303A2B000C2FD2 /* classII.III.png in Resources */,
				ADEA014020303A2B000C2FD2 /* triEdge.png in Resources */,
				ADEA013B20303A2B000C2FD2 /* neighbors-square.png in Resources */,
				ADEA01B120303A2B000C2FD2 /* bc14r15centers.txt in Resources */,
				ADEA01AE20303A2B000C2FD2 /* bc14r14cells.txt in Resources */,
				ADEA01C420303A2B000C2FD2 /* rand06cells.txt in Resources */,
				ADEA013E20303A2B000C2FD2 /* parent-child.png in Resources */,
				ADEA01BA20303A2B000C2FD2 /* bc19r12cells.txt in Resources */,
				ADEA01DE20303A2B000C2FD2 /* res03cells.txt in Resources */,
				ADEA013D20303A2B000C2FD2 /* neighbors.png in Resources */,
				ADEA019A20303A2B000C2FD2 /* bc05r12cells.txt in Resources */,
				ADEA019720303A2B000C2FD2 /* bc05r10centers.txt in Resources */,
				ADEA01BF20303A2B000C2FD2 /* bc19r14centers.txt in Resources */,
				ADEA01BD20303A2B000C2FD2 /* bc19r13centers.txt in Resources */,
				ADEA01AB20303A2B000C2FD2 /* bc14r12centers.txt in Resources */,
				ADEA01D620303A2B000C2FD2 /* rand15cells.txt in Resources */,
				ADEA01AA20303A2B000C2FD2 /* bc14r12cells.txt in Resources */,
				ADEA014820303A2B000C2FD2 /* icosa.kml in Resources */,
				ADEA012920303A2B000C2FD2 /* .gitignore in Resources */,
				ADEA01B920303A2B000C2FD2 /* bc19r11centers.txt in Resources */,
				ADEA014520303A2B000C2FD2 /* usecases.md in Resources */,
				ADEA01CA20303A2B000C2FD2 /* rand09cells.txt in Resources */,
				ADEA019620303A2B000C2FD2 /* bc05r10cells.txt in Resources */,
				ADEA01A220303A2B000C2FD2 /* bc14r08cells.txt in Resources */,
				ADEA013220303A2B000C2FD2 /* h3indexing.md in Resources */,
				ADEA019820303A2B000C2FD2 /* bc05r11cells.txt in Resources */,
				ADEA01CB20303A2B000C2FD2 /* rand09centers.txt in Resources */,
				ADEA01B420303A2B000C2FD2 /* bc19r09cells.txt in Resources */,
			);
			runOnlyForDeploymentPostprocessing = 0;
		};
/* End PBXResourcesBuildPhase section */

/* Begin PBXSourcesBuildPhase section */
		AD4B83E42027C04800D116BA /* Sources */ = {
			isa = PBXSourcesBuildPhase;
			buildActionMask = 2147483647;
			files = (
				ADEA017520303A2B000C2FD2 /* testMaxH3ToChildrenSize.c in Sources */,
				ADEA017020303A2B000C2FD2 /* testH3UniEdge.c in Sources */,
				ADEA015320303A2B000C2FD2 /* utility.c in Sources */,
				ADEA016D20303A2B000C2FD2 /* testH3ToGeo.c in Sources */,
				ADEA015820303A2B000C2FD2 /* h3ToGeo.c in Sources */,
				ADEA015420303A2B000C2FD2 /* benchmarkH3Api.c in Sources */,
				ADEA019020303A2B000C2FD2 /* vec2d.c in Sources */,
				ADEA015B20303A2B000C2FD2 /* kRing.c in Sources */,
				ADEA016020303A2B000C2FD2 /* mkRandGeo.c in Sources */,
				ADEA015920303A2B000C2FD2 /* h3ToGeoBoundary.c in Sources */,
				ADEA015C20303A2B000C2FD2 /* generateBaseCellNeighbors.c in Sources */,
				ADEA015520303A2B000C2FD2 /* benchmarkPolyfill.c in Sources */,
				ADEA016F20303A2B000C2FD2 /* testH3ToParent.c in Sources */,
				ADEA015620303A2B000C2FD2 /* geoToH3.c in Sources */,
				ADEA018B20303A2B000C2FD2 /* geoCoord.c in Sources */,
				ADEA016720303A2B000C2FD2 /* testH3Api.c in Sources */,
				ADEA016520303A2B000C2FD2 /* testGeoCoord.c in Sources */,
				ADEA018620303A2B000C2FD2 /* algos.c in Sources */,
				ADEA016B20303A2B000C2FD2 /* testH3SetToVertexGraph.c in Sources */,
				ADEA016420303A2B000C2FD2 /* testCompact.c in Sources */,
				ADEA016120303A2B000C2FD2 /* mkRandGeoBoundary.c in Sources */,
				ADEA017720303A2B000C2FD2 /* testVertexGraph.c in Sources */,
				ADEA017220303A2B000C2FD2 /* testHexRing.c in Sources */,
				ADEA015120303A2B000C2FD2 /* kml.c in Sources */,
				ADEA014720303A2B000C2FD2 /* index.c in Sources */,
				ADEA014620303A2B000C2FD2 /* distance.c in Sources */,
				ADEA015A20303A2B000C2FD2 /* hexRange.c in Sources */,
				ADEA016E20303A2B000C2FD2 /* testH3ToGeoBoundary.c in Sources */,
				ADEA015D20303A2B000C2FD2 /* h3ToGeoBoundaryHier.c in Sources */,
				ADEA018E20303A2B000C2FD2 /* linkedGeo.c in Sources */,
				ADEA016920303A2B000C2FD2 /* testH3NeighborRotations.c in Sources */,
				ADEA016620303A2B000C2FD2 /* testGeoToH3.c in Sources */,
				ADEA018820303A2B000C2FD2 /* bbox.c in Sources */,
				ADEA018A20303A2B000C2FD2 /* faceijk.c in Sources */,
				ADEA015F20303A2B000C2FD2 /* h3ToHier.c in Sources */,
				ADEA017320303A2B000C2FD2 /* testKRing.c in Sources */,
				ADEA018920303A2B000C2FD2 /* coordijk.c in Sources */,
				ADEA018C20303A2B000C2FD2 /* h3Index.c in Sources */,
				ADEA019120303A2B000C2FD2 /* vertexGraph.c in Sources */,
				ADEA015220303A2B000C2FD2 /* test.c in Sources */,
				ADEA017120303A2B000C2FD2 /* testHexRanges.c in Sources */,
				ADEA018F20303A2B000C2FD2 /* mathExtensions.c in Sources */,
				ADEA016820303A2B000C2FD2 /* testH3Index.c in Sources */,
				ADEA018720303A2B000C2FD2 /* baseCells.c in Sources */,
				ADEA018D20303A2B000C2FD2 /* h3UniEdge.c in Sources */,
				ADEA016C20303A2B000C2FD2 /* testH3ToChildren.c in Sources */,
				ADEA017620303A2B000C2FD2 /* testPolyfill.c in Sources */,
				ADEA015720303A2B000C2FD2 /* h3ToComponents.c in Sources */,
				ADEA017420303A2B000C2FD2 /* testLinkedGeo.c in Sources */,
				ADEA016320303A2B000C2FD2 /* testBBox.c in Sources */,
				ADEA016A20303A2B000C2FD2 /* testH3SetToLinkedGeo.c in Sources */,
				ADEA015E20303A2B000C2FD2 /* h3ToGeoHier.c in Sources */,
			);
			runOnlyForDeploymentPostprocessing = 0;
		};
/* End PBXSourcesBuildPhase section */

/* Begin XCBuildConfiguration section */
		AD4B83EF2027C04900D116BA /* Debug */ = {
			isa = XCBuildConfiguration;
			buildSettings = {
				ALWAYS_SEARCH_USER_PATHS = NO;
				CLANG_ANALYZER_NONNULL = YES;
				CLANG_ANALYZER_NUMBER_OBJECT_CONVERSION = YES_AGGRESSIVE;
				CLANG_CXX_LANGUAGE_STANDARD = "gnu++14";
				CLANG_CXX_LIBRARY = "libc++";
				CLANG_ENABLE_MODULES = YES;
				CLANG_ENABLE_OBJC_ARC = YES;
				CLANG_WARN_BLOCK_CAPTURE_AUTORELEASING = YES;
				CLANG_WARN_BOOL_CONVERSION = YES;
				CLANG_WARN_COMMA = YES;
				CLANG_WARN_CONSTANT_CONVERSION = YES;
				CLANG_WARN_DIRECT_OBJC_ISA_USAGE = YES_ERROR;
				CLANG_WARN_DOCUMENTATION_COMMENTS = YES;
				CLANG_WARN_EMPTY_BODY = YES;
				CLANG_WARN_ENUM_CONVERSION = YES;
				CLANG_WARN_INFINITE_RECURSION = YES;
				CLANG_WARN_INT_CONVERSION = YES;
				CLANG_WARN_NON_LITERAL_NULL_CONVERSION = YES;
				CLANG_WARN_OBJC_LITERAL_CONVERSION = YES;
				CLANG_WARN_OBJC_ROOT_CLASS = YES_ERROR;
				CLANG_WARN_RANGE_LOOP_ANALYSIS = YES;
				CLANG_WARN_STRICT_PROTOTYPES = YES;
				CLANG_WARN_SUSPICIOUS_MOVE = YES;
				CLANG_WARN_UNGUARDED_AVAILABILITY = YES_AGGRESSIVE;
				CLANG_WARN_UNREACHABLE_CODE = YES;
				CLANG_WARN__DUPLICATE_METHOD_MATCH = YES;
				CODE_SIGN_IDENTITY = "iPhone Developer";
				COPY_PHASE_STRIP = NO;
				CURRENT_PROJECT_VERSION = 1;
				DEBUG_INFORMATION_FORMAT = dwarf;
				ENABLE_STRICT_OBJC_MSGSEND = YES;
				ENABLE_TESTABILITY = YES;
				GCC_C_LANGUAGE_STANDARD = gnu11;
				GCC_DYNAMIC_NO_PIC = NO;
				GCC_NO_COMMON_BLOCKS = YES;
				GCC_OPTIMIZATION_LEVEL = 0;
				GCC_PREPROCESSOR_DEFINITIONS = (
					"DEBUG=1",
					"$(inherited)",
				);
				GCC_WARN_64_TO_32_BIT_CONVERSION = YES;
				GCC_WARN_ABOUT_RETURN_TYPE = YES_ERROR;
				GCC_WARN_UNDECLARED_SELECTOR = YES;
				GCC_WARN_UNINITIALIZED_AUTOS = YES_AGGRESSIVE;
				GCC_WARN_UNUSED_FUNCTION = YES;
				GCC_WARN_UNUSED_VARIABLE = YES;
				IPHONEOS_DEPLOYMENT_TARGET = 11.2;
				MTL_ENABLE_DEBUG_INFO = YES;
				ONLY_ACTIVE_ARCH = YES;
				SDKROOT = iphoneos;
				SWIFT_ACTIVE_COMPILATION_CONDITIONS = DEBUG;
				SWIFT_OPTIMIZATION_LEVEL = "-Onone";
				VERSIONING_SYSTEM = "apple-generic";
				VERSION_INFO_PREFIX = "";
			};
			name = Debug;
		};
		AD4B83F02027C04900D116BA /* Release */ = {
			isa = XCBuildConfiguration;
			buildSettings = {
				ALWAYS_SEARCH_USER_PATHS = NO;
				CLANG_ANALYZER_NONNULL = YES;
				CLANG_ANALYZER_NUMBER_OBJECT_CONVERSION = YES_AGGRESSIVE;
				CLANG_CXX_LANGUAGE_STANDARD = "gnu++14";
				CLANG_CXX_LIBRARY = "libc++";
				CLANG_ENABLE_MODULES = YES;
				CLANG_ENABLE_OBJC_ARC = YES;
				CLANG_WARN_BLOCK_CAPTURE_AUTORELEASING = YES;
				CLANG_WARN_BOOL_CONVERSION = YES;
				CLANG_WARN_COMMA = YES;
				CLANG_WARN_CONSTANT_CONVERSION = YES;
				CLANG_WARN_DIRECT_OBJC_ISA_USAGE = YES_ERROR;
				CLANG_WARN_DOCUMENTATION_COMMENTS = YES;
				CLANG_WARN_EMPTY_BODY = YES;
				CLANG_WARN_ENUM_CONVERSION = YES;
				CLANG_WARN_INFINITE_RECURSION = YES;
				CLANG_WARN_INT_CONVERSION = YES;
				CLANG_WARN_NON_LITERAL_NULL_CONVERSION = YES;
				CLANG_WARN_OBJC_LITERAL_CONVERSION = YES;
				CLANG_WARN_OBJC_ROOT_CLASS = YES_ERROR;
				CLANG_WARN_RANGE_LOOP_ANALYSIS = YES;
				CLANG_WARN_STRICT_PROTOTYPES = YES;
				CLANG_WARN_SUSPICIOUS_MOVE = YES;
				CLANG_WARN_UNGUARDED_AVAILABILITY = YES_AGGRESSIVE;
				CLANG_WARN_UNREACHABLE_CODE = YES;
				CLANG_WARN__DUPLICATE_METHOD_MATCH = YES;
				CODE_SIGN_IDENTITY = "iPhone Developer";
				COPY_PHASE_STRIP = NO;
				CURRENT_PROJECT_VERSION = 1;
				DEBUG_INFORMATION_FORMAT = "dwarf-with-dsym";
				ENABLE_NS_ASSERTIONS = NO;
				ENABLE_STRICT_OBJC_MSGSEND = YES;
				GCC_C_LANGUAGE_STANDARD = gnu11;
				GCC_NO_COMMON_BLOCKS = YES;
				GCC_WARN_64_TO_32_BIT_CONVERSION = YES;
				GCC_WARN_ABOUT_RETURN_TYPE = YES_ERROR;
				GCC_WARN_UNDECLARED_SELECTOR = YES;
				GCC_WARN_UNINITIALIZED_AUTOS = YES_AGGRESSIVE;
				GCC_WARN_UNUSED_FUNCTION = YES;
				GCC_WARN_UNUSED_VARIABLE = YES;
				IPHONEOS_DEPLOYMENT_TARGET = 11.2;
				MTL_ENABLE_DEBUG_INFO = NO;
				SDKROOT = iphoneos;
				SWIFT_OPTIMIZATION_LEVEL = "-Owholemodule";
				VALIDATE_PRODUCT = YES;
				VERSIONING_SYSTEM = "apple-generic";
				VERSION_INFO_PREFIX = "";
			};
			name = Release;
		};
		AD4B83F22027C04900D116BA /* Debug */ = {
			isa = XCBuildConfiguration;
			buildSettings = {
				CODE_SIGN_IDENTITY = "";
				CODE_SIGN_STYLE = Automatic;
				DEFINES_MODULE = YES;
				DYLIB_COMPATIBILITY_VERSION = 1;
				DYLIB_CURRENT_VERSION = 1;
				DYLIB_INSTALL_NAME_BASE = "@rpath";
				HEADER_SEARCH_PATHS = "${SRCROOT}/h3/src/h3lib/include";
				INFOPLIST_FILE = "h3-swift/Info.plist";
				INSTALL_PATH = "$(LOCAL_LIBRARY_DIR)/Frameworks";
				LD_RUNPATH_SEARCH_PATHS = "$(inherited) @executable_path/Frameworks @loader_path/Frameworks";
				LIBRARY_SEARCH_PATHS = "${SRCROOT}/h3/src/h3lib/lib";
				PRODUCT_BUNDLE_IDENTIFIER = "org.scupper.h3-swift";
				PRODUCT_NAME = "$(TARGET_NAME:c99extidentifier)";
				SKIP_INSTALL = YES;
				SWIFT_VERSION = 4.0;
				TARGETED_DEVICE_FAMILY = "1,2";
			};
			name = Debug;
		};
		AD4B83F32027C04900D116BA /* Release */ = {
			isa = XCBuildConfiguration;
			buildSettings = {
				CODE_SIGN_IDENTITY = "";
				CODE_SIGN_STYLE = Automatic;
				DEFINES_MODULE = YES;
				DYLIB_COMPATIBILITY_VERSION = 1;
				DYLIB_CURRENT_VERSION = 1;
				DYLIB_INSTALL_NAME_BASE = "@rpath";
				HEADER_SEARCH_PATHS = "${SRCROOT}/h3/src/h3lib/include";
				INFOPLIST_FILE = "h3-swift/Info.plist";
				INSTALL_PATH = "$(LOCAL_LIBRARY_DIR)/Frameworks";
				LD_RUNPATH_SEARCH_PATHS = "$(inherited) @executable_path/Frameworks @loader_path/Frameworks";
				LIBRARY_SEARCH_PATHS = "${SRCROOT}/h3/src/h3lib/lib";
				PRODUCT_BUNDLE_IDENTIFIER = "org.scupper.h3-swift";
				PRODUCT_NAME = "$(TARGET_NAME:c99extidentifier)";
				SKIP_INSTALL = YES;
				SWIFT_VERSION = 4.0;
				TARGETED_DEVICE_FAMILY = "1,2";
			};
			name = Release;
		};
/* End XCBuildConfiguration section */

/* Begin XCConfigurationList section */
		AD4B83E32027C04800D116BA /* Build configuration list for PBXProject "h3-swift" */ = {
			isa = XCConfigurationList;
			buildConfigurations = (
				AD4B83EF2027C04900D116BA /* Debug */,
				AD4B83F02027C04900D116BA /* Release */,
			);
			defaultConfigurationIsVisible = 0;
			defaultConfigurationName = Release;
		};
		AD4B83F12027C04900D116BA /* Build configuration list for PBXNativeTarget "h3-swift" */ = {
			isa = XCConfigurationList;
			buildConfigurations = (
				AD4B83F22027C04900D116BA /* Debug */,
				AD4B83F32027C04900D116BA /* Release */,
			);
			defaultConfigurationIsVisible = 0;
			defaultConfigurationName = Release;
		};
/* End XCConfigurationList section */
	};
	rootObject = AD4B83E02027C04800D116BA /* Project object */;
}
